// !$*UTF8*$!
{
	archiveVersion = 1;
	classes = {
	};
	objectVersion = 46;
	objects = {

/* Begin PBXBuildFile section */
		F56A8C701D32695700760912 /* main.m in Sources */ = {isa = PBXBuildFile; fileRef = F56A8C6F1D32695700760912 /* main.m */; };
		F56A8C781D326AFA00760912 /* Serialisation.m in Sources */ = {isa = PBXBuildFile; fileRef = F56A8C771D326AFA00760912 /* Serialisation.m */; };
		F58DF6F91D351E3000CFF530 /* NSDictionary+Serialization.m in Sources */ = {isa = PBXBuildFile; fileRef = F58DF6F81D351E3000CFF530 /* NSDictionary+Serialization.m */; };
		F58DF6FC1D35258A00CFF530 /* Serializing.m in Sources */ = {isa = PBXBuildFile; fileRef = F58DF6FB1D35258A00CFF530 /* Serializing.m */; };
		F58DF6FF1D3525EE00CFF530 /* NSNumber+Serialization.m in Sources */ = {isa = PBXBuildFile; fileRef = F58DF6FE1D3525EE00CFF530 /* NSNumber+Serialization.m */; };
		F58DF7021D35279C00CFF530 /* NSArray+Serialization.m in Sources */ = {isa = PBXBuildFile; fileRef = F58DF7011D35279C00CFF530 /* NSArray+Serialization.m */; };
		F58DF7051D352BC600CFF530 /* NSSet+Serialization.m in Sources */ = {isa = PBXBuildFile; fileRef = F58DF7041D352BC600CFF530 /* NSSet+Serialization.m */; };
		F58DF7081D352D1700CFF530 /* NSNull+Serialization.m in Sources */ = {isa = PBXBuildFile; fileRef = F58DF7071D352D1700CFF530 /* NSNull+Serialization.m */; };
		F58DF70B1D352D8000CFF530 /* NSValue+Serialization.m in Sources */ = {isa = PBXBuildFile; fileRef = F58DF70A1D352D8000CFF530 /* NSValue+Serialization.m */; };
/* End PBXBuildFile section */

/* Begin PBXCopyFilesBuildPhase section */
		F56A8C6A1D32695700760912 /* CopyFiles */ = {
			isa = PBXCopyFilesBuildPhase;
			buildActionMask = 2147483647;
			dstPath = /usr/share/man/man1/;
			dstSubfolderSpec = 0;
			files = (
			);
			runOnlyForDeploymentPostprocessing = 1;
		};
/* End PBXCopyFilesBuildPhase section */

/* Begin PBXFileReference section */
		F56A8C6C1D32695700760912 /* LabWork4 */ = {isa = PBXFileReference; explicitFileType = "compiled.mach-o.executable"; includeInIndex = 0; path = LabWork4; sourceTree = BUILT_PRODUCTS_DIR; };
		F56A8C6F1D32695700760912 /* main.m */ = {isa = PBXFileReference; lastKnownFileType = sourcecode.c.objc; path = main.m; sourceTree = "<group>"; };
		F56A8C761D326AFA00760912 /* Serialisation.h */ = {isa = PBXFileReference; fileEncoding = 4; lastKnownFileType = sourcecode.c.h; path = Serialisation.h; sourceTree = "<group>"; };
		F56A8C771D326AFA00760912 /* Serialisation.m */ = {isa = PBXFileReference; fileEncoding = 4; lastKnownFileType = sourcecode.c.objc; path = Serialisation.m; sourceTree = "<group>"; };
		F58DF6F71D351E3000CFF530 /* NSDictionary+Serialization.h */ = {isa = PBXFileReference; fileEncoding = 4; lastKnownFileType = sourcecode.c.h; path = "NSDictionary+Serialization.h"; sourceTree = "<group>"; };
		F58DF6F81D351E3000CFF530 /* NSDictionary+Serialization.m */ = {isa = PBXFileReference; fileEncoding = 4; lastKnownFileType = sourcecode.c.objc; path = "NSDictionary+Serialization.m"; sourceTree = "<group>"; };
		F58DF6FA1D35258A00CFF530 /* Serializing.h */ = {isa = PBXFileReference; fileEncoding = 4; lastKnownFileType = sourcecode.c.h; path = Serializing.h; sourceTree = "<group>"; };
		F58DF6FB1D35258A00CFF530 /* Serializing.m */ = {isa = PBXFileReference; fileEncoding = 4; lastKnownFileType = sourcecode.c.objc; path = Serializing.m; sourceTree = "<group>"; };
		F58DF6FD1D3525EE00CFF530 /* NSNumber+Serialization.h */ = {isa = PBXFileReference; fileEncoding = 4; lastKnownFileType = sourcecode.c.h; path = "NSNumber+Serialization.h"; sourceTree = "<group>"; };
		F58DF6FE1D3525EE00CFF530 /* NSNumber+Serialization.m */ = {isa = PBXFileReference; fileEncoding = 4; lastKnownFileType = sourcecode.c.objc; path = "NSNumber+Serialization.m"; sourceTree = "<group>"; };
		F58DF7001D35279C00CFF530 /* NSArray+Serialization.h */ = {isa = PBXFileReference; fileEncoding = 4; lastKnownFileType = sourcecode.c.h; path = "NSArray+Serialization.h"; sourceTree = "<group>"; };
		F58DF7011D35279C00CFF530 /* NSArray+Serialization.m */ = {isa = PBXFileReference; fileEncoding = 4; lastKnownFileType = sourcecode.c.objc; path = "NSArray+Serialization.m"; sourceTree = "<group>"; };
		F58DF7031D352BC600CFF530 /* NSSet+Serialization.h */ = {isa = PBXFileReference; fileEncoding = 4; lastKnownFileType = sourcecode.c.h; path = "NSSet+Serialization.h"; sourceTree = "<group>"; };
		F58DF7041D352BC600CFF530 /* NSSet+Serialization.m */ = {isa = PBXFileReference; fileEncoding = 4; lastKnownFileType = sourcecode.c.objc; path = "NSSet+Serialization.m"; sourceTree = "<group>"; };
		F58DF7061D352D1700CFF530 /* NSNull+Serialization.h */ = {isa = PBXFileReference; fileEncoding = 4; lastKnownFileType = sourcecode.c.h; path = "NSNull+Serialization.h"; sourceTree = "<group>"; };
		F58DF7071D352D1700CFF530 /* NSNull+Serialization.m */ = {isa = PBXFileReference; fileEncoding = 4; lastKnownFileType = sourcecode.c.objc; path = "NSNull+Serialization.m"; sourceTree = "<group>"; };
		F58DF7091D352D8000CFF530 /* NSValue+Serialization.h */ = {isa = PBXFileReference; fileEncoding = 4; lastKnownFileType = sourcecode.c.h; path = "NSValue+Serialization.h"; sourceTree = "<group>"; };
		F58DF70A1D352D8000CFF530 /* NSValue+Serialization.m */ = {isa = PBXFileReference; fileEncoding = 4; lastKnownFileType = sourcecode.c.objc; path = "NSValue+Serialization.m"; sourceTree = "<group>"; };
/* End PBXFileReference section */

/* Begin PBXFrameworksBuildPhase section */
		F56A8C691D32695700760912 /* Frameworks */ = {
			isa = PBXFrameworksBuildPhase;
			buildActionMask = 2147483647;
			files = (
			);
			runOnlyForDeploymentPostprocessing = 0;
		};
/* End PBXFrameworksBuildPhase section */

/* Begin PBXGroup section */
		F56A8C631D32695700760912 = {
			isa = PBXGroup;
			children = (
				F56A8C6E1D32695700760912 /* LabWork4 */,
				F56A8C6D1D32695700760912 /* Products */,
			);
			sourceTree = "<group>";
		};
		F56A8C6D1D32695700760912 /* Products */ = {
			isa = PBXGroup;
			children = (
				F56A8C6C1D32695700760912 /* LabWork4 */,
			);
			name = Products;
			sourceTree = "<group>";
		};
		F56A8C6E1D32695700760912 /* LabWork4 */ = {
			isa = PBXGroup;
			children = (
				F56A8C761D326AFA00760912 /* Serialisation.h */,
				F56A8C771D326AFA00760912 /* Serialisation.m */,
				F58DF6FA1D35258A00CFF530 /* Serializing.h */,
				F58DF6FB1D35258A00CFF530 /* Serializing.m */,
				F58DF6F71D351E3000CFF530 /* NSDictionary+Serialization.h */,
				F58DF6F81D351E3000CFF530 /* NSDictionary+Serialization.m */,
				F58DF6FD1D3525EE00CFF530 /* NSNumber+Serialization.h */,
				F58DF6FE1D3525EE00CFF530 /* NSNumber+Serialization.m */,
				F58DF7001D35279C00CFF530 /* NSArray+Serialization.h */,
				F58DF7011D35279C00CFF530 /* NSArray+Serialization.m */,
				F58DF7031D352BC600CFF530 /* NSSet+Serialization.h */,
				F58DF7041D352BC600CFF530 /* NSSet+Serialization.m */,
				F58DF7061D352D1700CFF530 /* NSNull+Serialization.h */,
				F58DF7071D352D1700CFF530 /* NSNull+Serialization.m */,
				F58DF7091D352D8000CFF530 /* NSValue+Serialization.h */,
				F58DF70A1D352D8000CFF530 /* NSValue+Serialization.m */,
				F56A8C6F1D32695700760912 /* main.m */,
			);
			path = LabWork4;
			sourceTree = "<group>";
		};
/* End PBXGroup section */

/* Begin PBXNativeTarget section */
		F56A8C6B1D32695700760912 /* LabWork4 */ = {
			isa = PBXNativeTarget;
			buildConfigurationList = F56A8C731D32695700760912 /* Build configuration list for PBXNativeTarget "LabWork4" */;
			buildPhases = (
				F56A8C681D32695700760912 /* Sources */,
				F56A8C691D32695700760912 /* Frameworks */,
				F56A8C6A1D32695700760912 /* CopyFiles */,
			);
			buildRules = (
			);
			dependencies = (
			);
			name = LabWork4;
			productName = LabWork4;
			productReference = F56A8C6C1D32695700760912 /* LabWork4 */;
			productType = "com.apple.product-type.tool";
		};
/* End PBXNativeTarget section */

/* Begin PBXProject section */
		F56A8C641D32695700760912 /* Project object */ = {
			isa = PBXProject;
			attributes = {
				LastUpgradeCheck = 0730;
				ORGANIZATIONNAME = "Vladislav Librecht";
				TargetAttributes = {
					F56A8C6B1D32695700760912 = {
						CreatedOnToolsVersion = 7.3.1;
					};
				};
			};
			buildConfigurationList = F56A8C671D32695700760912 /* Build configuration list for PBXProject "LabWork4" */;
			compatibilityVersion = "Xcode 3.2";
			developmentRegion = English;
			hasScannedForEncodings = 0;
			knownRegions = (
				en,
			);
			mainGroup = F56A8C631D32695700760912;
			productRefGroup = F56A8C6D1D32695700760912 /* Products */;
			projectDirPath = "";
			projectRoot = "";
			targets = (
				F56A8C6B1D32695700760912 /* LabWork4 */,
			);
		};
/* End PBXProject section */

/* Begin PBXSourcesBuildPhase section */
		F56A8C681D32695700760912 /* Sources */ = {
			isa = PBXSourcesBuildPhase;
			buildActionMask = 2147483647;
			files = (
				F56A8C701D32695700760912 /* main.m in Sources */,
				F58DF6FC1D35258A00CFF530 /* Serializing.m in Sources */,
				F58DF6FF1D3525EE00CFF530 /* NSNumber+Serialization.m in Sources */,
				F56A8C781D326AFA00760912 /* Serialisation.m in Sources */,
				F58DF6F91D351E3000CFF530 /* NSDictionary+Serialization.m in Sources */,
				F58DF7021D35279C00CFF530 /* NSArray+Serialization.m in Sources */,
				F58DF70B1D352D8000CFF530 /* NSValue+Serialization.m in Sources */,
				F58DF7081D352D1700CFF530 /* NSNull+Serialization.m in Sources */,
				F58DF7051D352BC600CFF530 /* NSSet+Serialization.m in Sources */,
			);
			runOnlyForDeploymentPostprocessing = 0;
		};
/* End PBXSourcesBuildPhase section */

/* Begin XCBuildConfiguration section */
		F56A8C711D32695700760912 /* Debug */ = {
			isa = XCBuildConfiguration;
			buildSettings = {
				ALWAYS_SEARCH_USER_PATHS = NO;
				CLANG_ANALYZER_NONNULL = YES;
				CLANG_CXX_LANGUAGE_STANDARD = "gnu++0x";
				CLANG_CXX_LIBRARY = "libc++";
				CLANG_ENABLE_MODULES = YES;
				CLANG_ENABLE_OBJC_ARC = YES;
				CLANG_WARN_BOOL_CONVERSION = YES;
				CLANG_WARN_CONSTANT_CONVERSION = YES;
				CLANG_WARN_DIRECT_OBJC_ISA_USAGE = YES_ERROR;
				CLANG_WARN_EMPTY_BODY = YES;
				CLANG_WARN_ENUM_CONVERSION = YES;
				CLANG_WARN_INT_CONVERSION = YES;
				CLANG_WARN_OBJC_ROOT_CLASS = YES_ERROR;
				CLANG_WARN_UNREACHABLE_CODE = YES;
				CLANG_WARN__DUPLICATE_METHOD_MATCH = YES;
				CODE_SIGN_IDENTITY = "-";
				COPY_PHASE_STRIP = NO;
				DEBUG_INFORMATION_FORMAT = dwarf;
				ENABLE_STRICT_OBJC_MSGSEND = YES;
				ENABLE_TESTABILITY = YES;
				GCC_C_LANGUAGE_STANDARD = gnu99;
				GCC_DYNAMIC_NO_PIC = NO;
				GCC_NO_COMMON_BLOCKS = YES;
				GCC_OPTIMIZATION_LEVEL = 0;
				GCC_PREPROCESSOR_DEFINITIONS = (
					"DEBUG=1",
					"$(inherited)",
				);
				GCC_WARN_64_TO_32_BIT_CONVERSION = YES;
				GCC_WARN_ABOUT_RETURN_TYPE = YES_ERROR;
				GCC_WARN_UNDECLARED_SELECTOR = YES;
				GCC_WARN_UNINITIALIZED_AUTOS = YES_AGGRESSIVE;
				GCC_WARN_UNUSED_FUNCTION = YES;
				GCC_WARN_UNUSED_VARIABLE = YES;
				MACOSX_DEPLOYMENT_TARGET = 10.11;
				MTL_ENABLE_DEBUG_INFO = YES;
				ONLY_ACTIVE_ARCH = YES;
				SDKROOT = macosx;
			};
			name = Debug;
		};
		F56A8C721D32695700760912 /* Release */ = {
			isa = XCBuildConfiguration;
			buildSettings = {
				ALWAYS_SEARCH_USER_PATHS = NO;
				CLANG_ANALYZER_NONNULL = YES;
				CLANG_CXX_LANGUAGE_STANDARD = "gnu++0x";
				CLANG_CXX_LIBRARY = "libc++";
				CLANG_ENABLE_MODULES = YES;
				CLANG_ENABLE_OBJC_ARC = YES;
				CLANG_WARN_BOOL_CONVERSION = YES;
				CLANG_WARN_CONSTANT_CONVERSION = YES;
				CLANG_WARN_DIRECT_OBJC_ISA_USAGE = YES_ERROR;
				CLANG_WARN_EMPTY_BODY = YES;
				CLANG_WARN_ENUM_CONVERSION = YES;
				CLANG_WARN_INT_CONVERSION = YES;
				CLANG_WARN_OBJC_ROOT_CLASS = YES_ERROR;
				CLANG_WARN_UNREACHABLE_CODE = YES;
				CLANG_WARN__DUPLICATE_METHOD_MATCH = YES;
				CODE_SIGN_IDENTITY = "-";
				COPY_PHASE_STRIP = NO;
				DEBUG_INFORMATION_FORMAT = "dwarf-with-dsym";
				ENABLE_NS_ASSERTIONS = NO;
				ENABLE_STRICT_OBJC_MSGSEND = YES;
				GCC_C_LANGUAGE_STANDARD = gnu99;
				GCC_NO_COMMON_BLOCKS = YES;
				GCC_WARN_64_TO_32_BIT_CONVERSION = YES;
				GCC_WARN_ABOUT_RETURN_TYPE = YES_ERROR;
				GCC_WARN_UNDECLARED_SELECTOR = YES;
				GCC_WARN_UNINITIALIZED_AUTOS = YES_AGGRESSIVE;
				GCC_WARN_UNUSED_FUNCTION = YES;
				GCC_WARN_UNUSED_VARIABLE = YES;
				MACOSX_DEPLOYMENT_TARGET = 10.11;
				MTL_ENABLE_DEBUG_INFO = NO;
				SDKROOT = macosx;
			};
			name = Release;
		};
		F56A8C741D32695700760912 /* Debug */ = {
			isa = XCBuildConfiguration;
			buildSettings = {
				PRODUCT_NAME = "$(TARGET_NAME)";
			};
			name = Debug;
		};
		F56A8C751D32695700760912 /* Release */ = {
			isa = XCBuildConfiguration;
			buildSettings = {
				PRODUCT_NAME = "$(TARGET_NAME)";
			};
			name = Release;
		};
/* End XCBuildConfiguration section */

/* Begin XCConfigurationList section */
		F56A8C671D32695700760912 /* Build configuration list for PBXProject "LabWork4" */ = {
			isa = XCConfigurationList;
			buildConfigurations = (
				F56A8C711D32695700760912 /* Debug */,
				F56A8C721D32695700760912 /* Release */,
			);
			defaultConfigurationIsVisible = 0;
			defaultConfigurationName = Release;
		};
		F56A8C731D32695700760912 /* Build configuration list for PBXNativeTarget "LabWork4" */ = {
			isa = XCConfigurationList;
			buildConfigurations = (
				F56A8C741D32695700760912 /* Debug */,
				F56A8C751D32695700760912 /* Release */,
			);
			defaultConfigurationIsVisible = 0;
			defaultConfigurationName = Release;
		};
/* End XCConfigurationList section */
	};
	rootObject = F56A8C641D32695700760912 /* Project object */;
}
