// !$*UTF8*$!
{
	archiveVersion = 1;
	classes = {
	};
	objectVersion = 46;
	objects = {

/* Begin PBXBuildFile section */
		103558581984028B0083C938 /* Foundation.framework in Frameworks */ = {isa = PBXBuildFile; fileRef = 103558571984028B0083C938 /* Foundation.framework */; };
		1035585A1984028B0083C938 /* CoreGraphics.framework in Frameworks */ = {isa = PBXBuildFile; fileRef = 103558591984028B0083C938 /* CoreGraphics.framework */; };
		1035585C1984028B0083C938 /* UIKit.framework in Frameworks */ = {isa = PBXBuildFile; fileRef = 1035585B1984028B0083C938 /* UIKit.framework */; };
		103558621984028B0083C938 /* InfoPlist.strings in Resources */ = {isa = PBXBuildFile; fileRef = 103558601984028B0083C938 /* InfoPlist.strings */; };
		103558641984028B0083C938 /* main.m in Sources */ = {isa = PBXBuildFile; fileRef = 103558631984028B0083C938 /* main.m */; };
		103558681984028B0083C938 /* AppDelegate.m in Sources */ = {isa = PBXBuildFile; fileRef = 103558671984028B0083C938 /* AppDelegate.m */; };
		1035586A1984028B0083C938 /* Images.xcassets in Resources */ = {isa = PBXBuildFile; fileRef = 103558691984028B0083C938 /* Images.xcassets */; };
		103558711984028C0083C938 /* XCTest.framework in Frameworks */ = {isa = PBXBuildFile; fileRef = 103558701984028C0083C938 /* XCTest.framework */; };
		103558721984028C0083C938 /* Foundation.framework in Frameworks */ = {isa = PBXBuildFile; fileRef = 103558571984028B0083C938 /* Foundation.framework */; };
		103558731984028C0083C938 /* UIKit.framework in Frameworks */ = {isa = PBXBuildFile; fileRef = 1035585B1984028B0083C938 /* UIKit.framework */; };
		1035587B1984028C0083C938 /* InfoPlist.strings in Resources */ = {isa = PBXBuildFile; fileRef = 103558791984028C0083C938 /* InfoPlist.strings */; };
		1035587D1984028C0083C938 /* _labTests.m in Sources */ = {isa = PBXBuildFile; fileRef = 1035587C1984028C0083C938 /* _labTests.m */; };
		10355888198403670083C938 /* Serializer.m in Sources */ = {isa = PBXBuildFile; fileRef = 10355887198403670083C938 /* Serializer.m */; };
/* End PBXBuildFile section */

/* Begin PBXContainerItemProxy section */
		103558741984028C0083C938 /* PBXContainerItemProxy */ = {
			isa = PBXContainerItemProxy;
			containerPortal = 1035584C1984028B0083C938 /* Project object */;
			proxyType = 1;
			remoteGlobalIDString = 103558531984028B0083C938;
			remoteInfo = 4lab;
		};
/* End PBXContainerItemProxy section */

/* Begin PBXFileReference section */
		103558541984028B0083C938 /* 4lab.app */ = {isa = PBXFileReference; explicitFileType = wrapper.application; includeInIndex = 0; path = 4lab.app; sourceTree = BUILT_PRODUCTS_DIR; };
		103558571984028B0083C938 /* Foundation.framework */ = {isa = PBXFileReference; lastKnownFileType = wrapper.framework; name = Foundation.framework; path = System/Library/Frameworks/Foundation.framework; sourceTree = SDKROOT; };
		103558591984028B0083C938 /* CoreGraphics.framework */ = {isa = PBXFileReference; lastKnownFileType = wrapper.framework; name = CoreGraphics.framework; path = System/Library/Frameworks/CoreGraphics.framework; sourceTree = SDKROOT; };
		1035585B1984028B0083C938 /* UIKit.framework */ = {isa = PBXFileReference; lastKnownFileType = wrapper.framework; name = UIKit.framework; path = System/Library/Frameworks/UIKit.framework; sourceTree = SDKROOT; };
		1035585F1984028B0083C938 /* 4lab-Info.plist */ = {isa = PBXFileReference; lastKnownFileType = text.plist.xml; path = "4lab-Info.plist"; sourceTree = "<group>"; };
		103558611984028B0083C938 /* en */ = {isa = PBXFileReference; lastKnownFileType = text.plist.strings; name = en; path = en.lproj/InfoPlist.strings; sourceTree = "<group>"; };
		103558631984028B0083C938 /* main.m */ = {isa = PBXFileReference; lastKnownFileType = sourcecode.c.objc; path = main.m; sourceTree = "<group>"; };
		103558651984028B0083C938 /* 4lab-Prefix.pch */ = {isa = PBXFileReference; lastKnownFileType = sourcecode.c.h; path = "4lab-Prefix.pch"; sourceTree = "<group>"; };
		103558661984028B0083C938 /* AppDelegate.h */ = {isa = PBXFileReference; lastKnownFileType = sourcecode.c.h; path = AppDelegate.h; sourceTree = "<group>"; };
		103558671984028B0083C938 /* AppDelegate.m */ = {isa = PBXFileReference; lastKnownFileType = sourcecode.c.objc; path = AppDelegate.m; sourceTree = "<group>"; };
		103558691984028B0083C938 /* Images.xcassets */ = {isa = PBXFileReference; lastKnownFileType = folder.assetcatalog; path = Images.xcassets; sourceTree = "<group>"; };
		1035586F1984028C0083C938 /* 4labTests.xctest */ = {isa = PBXFileReference; explicitFileType = wrapper.cfbundle; includeInIndex = 0; path = 4labTests.xctest; sourceTree = BUILT_PRODUCTS_DIR; };
		103558701984028C0083C938 /* XCTest.framework */ = {isa = PBXFileReference; lastKnownFileType = wrapper.framework; name = XCTest.framework; path = Library/Frameworks/XCTest.framework; sourceTree = DEVELOPER_DIR; };
		103558781984028C0083C938 /* 4labTests-Info.plist */ = {isa = PBXFileReference; lastKnownFileType = text.plist.xml; path = "4labTests-Info.plist"; sourceTree = "<group>"; };
		1035587A1984028C0083C938 /* en */ = {isa = PBXFileReference; lastKnownFileType = text.plist.strings; name = en; path = en.lproj/InfoPlist.strings; sourceTree = "<group>"; };
		1035587C1984028C0083C938 /* _labTests.m */ = {isa = PBXFileReference; lastKnownFileType = sourcecode.c.objc; path = _labTests.m; sourceTree = "<group>"; };
		10355886198403670083C938 /* Serializer.h */ = {isa = PBXFileReference; fileEncoding = 4; lastKnownFileType = sourcecode.c.h; path = Serializer.h; sourceTree = "<group>"; };
		10355887198403670083C938 /* Serializer.m */ = {isa = PBXFileReference; fileEncoding = 4; lastKnownFileType = sourcecode.c.objc; path = Serializer.m; sourceTree = "<group>"; };
/* End PBXFileReference section */

/* Begin PBXFrameworksBuildPhase section */
		103558511984028B0083C938 /* Frameworks */ = {
			isa = PBXFrameworksBuildPhase;
			buildActionMask = 2147483647;
			files = (
				1035585A1984028B0083C938 /* CoreGraphics.framework in Frameworks */,
				1035585C1984028B0083C938 /* UIKit.framework in Frameworks */,
				103558581984028B0083C938 /* Foundation.framework in Frameworks */,
			);
			runOnlyForDeploymentPostprocessing = 0;
		};
		1035586C1984028C0083C938 /* Frameworks */ = {
			isa = PBXFrameworksBuildPhase;
			buildActionMask = 2147483647;
			files = (
				103558711984028C0083C938 /* XCTest.framework in Frameworks */,
				103558731984028C0083C938 /* UIKit.framework in Frameworks */,
				103558721984028C0083C938 /* Foundation.framework in Frameworks */,
			);
			runOnlyForDeploymentPostprocessing = 0;
		};
/* End PBXFrameworksBuildPhase section */

/* Begin PBXGroup section */
		1035584B1984028B0083C938 = {
			isa = PBXGroup;
			children = (
				10355886198403670083C938 /* Serializer.h */,
				10355887198403670083C938 /* Serializer.m */,
				1035585D1984028B0083C938 /* 4lab */,
				103558761984028C0083C938 /* 4labTests */,
				103558561984028B0083C938 /* Frameworks */,
				103558551984028B0083C938 /* Products */,
			);
			sourceTree = "<group>";
		};
		103558551984028B0083C938 /* Products */ = {
			isa = PBXGroup;
			children = (
				103558541984028B0083C938 /* 4lab.app */,
				1035586F1984028C0083C938 /* 4labTests.xctest */,
			);
			name = Products;
			sourceTree = "<group>";
		};
		103558561984028B0083C938 /* Frameworks */ = {
			isa = PBXGroup;
			children = (
				103558571984028B0083C938 /* Foundation.framework */,
				103558591984028B0083C938 /* CoreGraphics.framework */,
				1035585B1984028B0083C938 /* UIKit.framework */,
				103558701984028C0083C938 /* XCTest.framework */,
			);
			name = Frameworks;
			sourceTree = "<group>";
		};
		1035585D1984028B0083C938 /* 4lab */ = {
			isa = PBXGroup;
			children = (
				103558661984028B0083C938 /* AppDelegate.h */,
				103558671984028B0083C938 /* AppDelegate.m */,
				103558691984028B0083C938 /* Images.xcassets */,
				1035585E1984028B0083C938 /* Supporting Files */,
			);
			path = 4lab;
			sourceTree = "<group>";
		};
		1035585E1984028B0083C938 /* Supporting Files */ = {
			isa = PBXGroup;
			children = (
				1035585F1984028B0083C938 /* 4lab-Info.plist */,
				103558601984028B0083C938 /* InfoPlist.strings */,
				103558631984028B0083C938 /* main.m */,
				103558651984028B0083C938 /* 4lab-Prefix.pch */,
			);
			name = "Supporting Files";
			sourceTree = "<group>";
		};
		103558761984028C0083C938 /* 4labTests */ = {
			isa = PBXGroup;
			children = (
				1035587C1984028C0083C938 /* _labTests.m */,
				103558771984028C0083C938 /* Supporting Files */,
			);
			path = 4labTests;
			sourceTree = "<group>";
		};
		103558771984028C0083C938 /* Supporting Files */ = {
			isa = PBXGroup;
			children = (
				103558781984028C0083C938 /* 4labTests-Info.plist */,
				103558791984028C0083C938 /* InfoPlist.strings */,
			);
			name = "Supporting Files";
			sourceTree = "<group>";
		};
/* End PBXGroup section */

/* Begin PBXNativeTarget section */
		103558531984028B0083C938 /* 4lab */ = {
			isa = PBXNativeTarget;
			buildConfigurationList = 103558801984028C0083C938 /* Build configuration list for PBXNativeTarget "4lab" */;
			buildPhases = (
				103558501984028B0083C938 /* Sources */,
				103558511984028B0083C938 /* Frameworks */,
				103558521984028B0083C938 /* Resources */,
			);
			buildRules = (
			);
			dependencies = (
			);
			name = 4lab;
			productName = 4lab;
			productReference = 103558541984028B0083C938 /* 4lab.app */;
			productType = "com.apple.product-type.application";
		};
		1035586E1984028C0083C938 /* 4labTests */ = {
			isa = PBXNativeTarget;
			buildConfigurationList = 103558831984028C0083C938 /* Build configuration list for PBXNativeTarget "4labTests" */;
			buildPhases = (
				1035586B1984028C0083C938 /* Sources */,
				1035586C1984028C0083C938 /* Frameworks */,
				1035586D1984028C0083C938 /* Resources */,
			);
			buildRules = (
			);
			dependencies = (
				103558751984028C0083C938 /* PBXTargetDependency */,
			);
			name = 4labTests;
			productName = 4labTests;
			productReference = 1035586F1984028C0083C938 /* 4labTests.xctest */;
			productType = "com.apple.product-type.bundle.unit-test";
		};
/* End PBXNativeTarget section */

/* Begin PBXProject section */
		1035584C1984028B0083C938 /* Project object */ = {
			isa = PBXProject;
			attributes = {
				LastUpgradeCheck = 0510;
				ORGANIZATIONNAME = "___FULLUSERNAME___";
				TargetAttributes = {
					1035586E1984028C0083C938 = {
						TestTargetID = 103558531984028B0083C938;
					};
				};
			};
			buildConfigurationList = 1035584F1984028B0083C938 /* Build configuration list for PBXProject "4lab" */;
			compatibilityVersion = "Xcode 3.2";
			developmentRegion = English;
			hasScannedForEncodings = 0;
			knownRegions = (
				en,
			);
			mainGroup = 1035584B1984028B0083C938;
			productRefGroup = 103558551984028B0083C938 /* Products */;
			projectDirPath = "";
			projectRoot = "";
			targets = (
				103558531984028B0083C938 /* 4lab */,
				1035586E1984028C0083C938 /* 4labTests */,
			);
		};
/* End PBXProject section */

/* Begin PBXResourcesBuildPhase section */
		103558521984028B0083C938 /* Resources */ = {
			isa = PBXResourcesBuildPhase;
			buildActionMask = 2147483647;
			files = (
				103558621984028B0083C938 /* InfoPlist.strings in Resources */,
				1035586A1984028B0083C938 /* Images.xcassets in Resources */,
			);
			runOnlyForDeploymentPostprocessing = 0;
		};
		1035586D1984028C0083C938 /* Resources */ = {
			isa = PBXResourcesBuildPhase;
			buildActionMask = 2147483647;
			files = (
				1035587B1984028C0083C938 /* InfoPlist.strings in Resources */,
			);
			runOnlyForDeploymentPostprocessing = 0;
		};
/* End PBXResourcesBuildPhase section */

/* Begin PBXSourcesBuildPhase section */
		103558501984028B0083C938 /* Sources */ = {
			isa = PBXSourcesBuildPhase;
			buildActionMask = 2147483647;
			files = (
				10355888198403670083C938 /* Serializer.m in Sources */,
				103558681984028B0083C938 /* AppDelegate.m in Sources */,
				103558641984028B0083C938 /* main.m in Sources */,
			);
			runOnlyForDeploymentPostprocessing = 0;
		};
		1035586B1984028C0083C938 /* Sources */ = {
			isa = PBXSourcesBuildPhase;
			buildActionMask = 2147483647;
			files = (
				1035587D1984028C0083C938 /* _labTests.m in Sources */,
			);
			runOnlyForDeploymentPostprocessing = 0;
		};
/* End PBXSourcesBuildPhase section */

/* Begin PBXTargetDependency section */
		103558751984028C0083C938 /* PBXTargetDependency */ = {
			isa = PBXTargetDependency;
			target = 103558531984028B0083C938 /* 4lab */;
			targetProxy = 103558741984028C0083C938 /* PBXContainerItemProxy */;
		};
/* End PBXTargetDependency section */

/* Begin PBXVariantGroup section */
		103558601984028B0083C938 /* InfoPlist.strings */ = {
			isa = PBXVariantGroup;
			children = (
				103558611984028B0083C938 /* en */,
			);
			name = InfoPlist.strings;
			sourceTree = "<group>";
		};
		103558791984028C0083C938 /* InfoPlist.strings */ = {
			isa = PBXVariantGroup;
			children = (
				1035587A1984028C0083C938 /* en */,
			);
			name = InfoPlist.strings;
			sourceTree = "<group>";
		};
/* End PBXVariantGroup section */

/* Begin XCBuildConfiguration section */
		1035587E1984028C0083C938 /* Debug */ = {
			isa = XCBuildConfiguration;
			buildSettings = {
				ALWAYS_SEARCH_USER_PATHS = NO;
				CLANG_CXX_LANGUAGE_STANDARD = "gnu++0x";
				CLANG_CXX_LIBRARY = "libc++";
				CLANG_ENABLE_MODULES = YES;
				CLANG_ENABLE_OBJC_ARC = YES;
				CLANG_WARN_BOOL_CONVERSION = YES;
				CLANG_WARN_CONSTANT_CONVERSION = YES;
				CLANG_WARN_DIRECT_OBJC_ISA_USAGE = YES_ERROR;
				CLANG_WARN_EMPTY_BODY = YES;
				CLANG_WARN_ENUM_CONVERSION = YES;
				CLANG_WARN_INT_CONVERSION = YES;
				CLANG_WARN_OBJC_ROOT_CLASS = YES_ERROR;
				CLANG_WARN__DUPLICATE_METHOD_MATCH = YES;
				"CODE_SIGN_IDENTITY[sdk=iphoneos*]" = "iPhone Developer";
				COPY_PHASE_STRIP = NO;
				GCC_C_LANGUAGE_STANDARD = gnu99;
				GCC_DYNAMIC_NO_PIC = NO;
				GCC_OPTIMIZATION_LEVEL = 0;
				GCC_PREPROCESSOR_DEFINITIONS = (
					"DEBUG=1",
					"$(inherited)",
				);
				GCC_SYMBOLS_PRIVATE_EXTERN = NO;
				GCC_WARN_64_TO_32_BIT_CONVERSION = YES;
				GCC_WARN_ABOUT_RETURN_TYPE = YES_ERROR;
				GCC_WARN_UNDECLARED_SELECTOR = YES;
				GCC_WARN_UNINITIALIZED_AUTOS = YES_AGGRESSIVE;
				GCC_WARN_UNUSED_FUNCTION = YES;
				GCC_WARN_UNUSED_VARIABLE = YES;
				IPHONEOS_DEPLOYMENT_TARGET = 7.1;
				ONLY_ACTIVE_ARCH = YES;
				SDKROOT = iphoneos;
				TARGETED_DEVICE_FAMILY = "1,2";
			};
			name = Debug;
		};
		1035587F1984028C0083C938 /* Release */ = {
			isa = XCBuildConfiguration;
			buildSettings = {
				ALWAYS_SEARCH_USER_PATHS = NO;
				CLANG_CXX_LANGUAGE_STANDARD = "gnu++0x";
				CLANG_CXX_LIBRARY = "libc++";
				CLANG_ENABLE_MODULES = YES;
				CLANG_ENABLE_OBJC_ARC = YES;
				CLANG_WARN_BOOL_CONVERSION = YES;
				CLANG_WARN_CONSTANT_CONVERSION = YES;
				CLANG_WARN_DIRECT_OBJC_ISA_USAGE = YES_ERROR;
				CLANG_WARN_EMPTY_BODY = YES;
				CLANG_WARN_ENUM_CONVERSION = YES;
				CLANG_WARN_INT_CONVERSION = YES;
				CLANG_WARN_OBJC_ROOT_CLASS = YES_ERROR;
				CLANG_WARN__DUPLICATE_METHOD_MATCH = YES;
				"CODE_SIGN_IDENTITY[sdk=iphoneos*]" = "iPhone Developer";
				COPY_PHASE_STRIP = YES;
				ENABLE_NS_ASSERTIONS = NO;
				GCC_C_LANGUAGE_STANDARD = gnu99;
				GCC_WARN_64_TO_32_BIT_CONVERSION = YES;
				GCC_WARN_ABOUT_RETURN_TYPE = YES_ERROR;
				GCC_WARN_UNDECLARED_SELECTOR = YES;
				GCC_WARN_UNINITIALIZED_AUTOS = YES_AGGRESSIVE;
				GCC_WARN_UNUSED_FUNCTION = YES;
				GCC_WARN_UNUSED_VARIABLE = YES;
				IPHONEOS_DEPLOYMENT_TARGET = 7.1;
				SDKROOT = iphoneos;
				TARGETED_DEVICE_FAMILY = "1,2";
				VALIDATE_PRODUCT = YES;
			};
			name = Release;
		};
		103558811984028C0083C938 /* Debug */ = {
			isa = XCBuildConfiguration;
			buildSettings = {
				ASSETCATALOG_COMPILER_APPICON_NAME = AppIcon;
				ASSETCATALOG_COMPILER_LAUNCHIMAGE_NAME = LaunchImage;
				GCC_PRECOMPILE_PREFIX_HEADER = YES;
				GCC_PREFIX_HEADER = "4lab/4lab-Prefix.pch";
				INFOPLIST_FILE = "4lab/4lab-Info.plist";
				PRODUCT_NAME = "$(TARGET_NAME)";
				WRAPPER_EXTENSION = app;
			};
			name = Debug;
		};
		103558821984028C0083C938 /* Release */ = {
			isa = XCBuildConfiguration;
			buildSettings = {
				ASSETCATALOG_COMPILER_APPICON_NAME = AppIcon;
				ASSETCATALOG_COMPILER_LAUNCHIMAGE_NAME = LaunchImage;
				GCC_PRECOMPILE_PREFIX_HEADER = YES;
				GCC_PREFIX_HEADER = "4lab/4lab-Prefix.pch";
				INFOPLIST_FILE = "4lab/4lab-Info.plist";
				PRODUCT_NAME = "$(TARGET_NAME)";
				WRAPPER_EXTENSION = app;
			};
			name = Release;
		};
		103558841984028C0083C938 /* Debug */ = {
			isa = XCBuildConfiguration;
			buildSettings = {
				BUNDLE_LOADER = "$(BUILT_PRODUCTS_DIR)/4lab.app/4lab";
				FRAMEWORK_SEARCH_PATHS = (
					"$(SDKROOT)/Developer/Library/Frameworks",
					"$(inherited)",
					"$(DEVELOPER_FRAMEWORKS_DIR)",
				);
				GCC_PRECOMPILE_PREFIX_HEADER = YES;
				GCC_PREFIX_HEADER = "4lab/4lab-Prefix.pch";
				GCC_PREPROCESSOR_DEFINITIONS = (
					"DEBUG=1",
					"$(inherited)",
				);
				INFOPLIST_FILE = "4labTests/4labTests-Info.plist";
				PRODUCT_NAME = "$(TARGET_NAME)";
				TEST_HOST = "$(BUNDLE_LOADER)";
				WRAPPER_EXTENSION = xctest;
			};
			name = Debug;
		};
		103558851984028C0083C938 /* Release */ = {
			isa = XCBuildConfiguration;
			buildSettings = {
				BUNDLE_LOADER = "$(BUILT_PRODUCTS_DIR)/4lab.app/4lab";
				FRAMEWORK_SEARCH_PATHS = (
					"$(SDKROOT)/Developer/Library/Frameworks",
					"$(inherited)",
					"$(DEVELOPER_FRAMEWORKS_DIR)",
				);
				GCC_PRECOMPILE_PREFIX_HEADER = YES;
				GCC_PREFIX_HEADER = "4lab/4lab-Prefix.pch";
				INFOPLIST_FILE = "4labTests/4labTests-Info.plist";
				PRODUCT_NAME = "$(TARGET_NAME)";
				TEST_HOST = "$(BUNDLE_LOADER)";
				WRAPPER_EXTENSION = xctest;
			};
			name = Release;
		};
/* End XCBuildConfiguration section */

/* Begin XCConfigurationList section */
		1035584F1984028B0083C938 /* Build configuration list for PBXProject "4lab" */ = {
			isa = XCConfigurationList;
			buildConfigurations = (
				1035587E1984028C0083C938 /* Debug */,
				1035587F1984028C0083C938 /* Release */,
			);
			defaultConfigurationIsVisible = 0;
			defaultConfigurationName = Release;
		};
		103558801984028C0083C938 /* Build configuration list for PBXNativeTarget "4lab" */ = {
			isa = XCConfigurationList;
			buildConfigurations = (
				103558811984028C0083C938 /* Debug */,
				103558821984028C0083C938 /* Release */,
			);
			defaultConfigurationIsVisible = 0;
		};
		103558831984028C0083C938 /* Build configuration list for PBXNativeTarget "4labTests" */ = {
			isa = XCConfigurationList;
			buildConfigurations = (
				103558841984028C0083C938 /* Debug */,
				103558851984028C0083C938 /* Release */,
			);
			defaultConfigurationIsVisible = 0;
		};
/* End XCConfigurationList section */
	};
	rootObject = 1035584C1984028B0083C938 /* Project object */;
}
