// !$*UTF8*$!
{
	archiveVersion = 1;
	classes = {
	};
	objectVersion = 46;
	objects = {

/* Begin PBXBuildFile section */
		84797452197FBD93002D3BEC /* Foundation.framework in Frameworks */ = {isa = PBXBuildFile; fileRef = 84797451197FBD93002D3BEC /* Foundation.framework */; };
		84797454197FBD93002D3BEC /* CoreGraphics.framework in Frameworks */ = {isa = PBXBuildFile; fileRef = 84797453197FBD93002D3BEC /* CoreGraphics.framework */; };
		84797456197FBD93002D3BEC /* UIKit.framework in Frameworks */ = {isa = PBXBuildFile; fileRef = 84797455197FBD93002D3BEC /* UIKit.framework */; };
		8479745C197FBD93002D3BEC /* InfoPlist.strings in Resources */ = {isa = PBXBuildFile; fileRef = 8479745A197FBD93002D3BEC /* InfoPlist.strings */; };
		8479745E197FBD93002D3BEC /* main.m in Sources */ = {isa = PBXBuildFile; fileRef = 8479745D197FBD93002D3BEC /* main.m */; };
		84797462197FBD93002D3BEC /* AppDelegate.m in Sources */ = {isa = PBXBuildFile; fileRef = 84797461197FBD93002D3BEC /* AppDelegate.m */; };
		84797464197FBD93002D3BEC /* Images.xcassets in Resources */ = {isa = PBXBuildFile; fileRef = 84797463197FBD93002D3BEC /* Images.xcassets */; };
		8479746B197FBD93002D3BEC /* XCTest.framework in Frameworks */ = {isa = PBXBuildFile; fileRef = 8479746A197FBD93002D3BEC /* XCTest.framework */; };
		8479746C197FBD93002D3BEC /* Foundation.framework in Frameworks */ = {isa = PBXBuildFile; fileRef = 84797451197FBD93002D3BEC /* Foundation.framework */; };
		8479746D197FBD93002D3BEC /* UIKit.framework in Frameworks */ = {isa = PBXBuildFile; fileRef = 84797455197FBD93002D3BEC /* UIKit.framework */; };
		84797475197FBD93002D3BEC /* InfoPlist.strings in Resources */ = {isa = PBXBuildFile; fileRef = 84797473197FBD93002D3BEC /* InfoPlist.strings */; };
		84797477197FBD93002D3BEC /* SerializerTests.m in Sources */ = {isa = PBXBuildFile; fileRef = 84797476197FBD93002D3BEC /* SerializerTests.m */; };
		84797482197FBE40002D3BEC /* Serializer.m in Sources */ = {isa = PBXBuildFile; fileRef = 84797481197FBE40002D3BEC /* Serializer.m */; };
		84797485197FD266002D3BEC /* NSDictionary+serializable.m in Sources */ = {isa = PBXBuildFile; fileRef = 84797484197FD266002D3BEC /* NSDictionary+serializable.m */; };
		84797488197FD375002D3BEC /* NSArray+serializable.m in Sources */ = {isa = PBXBuildFile; fileRef = 84797487197FD375002D3BEC /* NSArray+serializable.m */; };
		8479748B197FD3B4002D3BEC /* NSSet+serializable.m in Sources */ = {isa = PBXBuildFile; fileRef = 8479748A197FD3B4002D3BEC /* NSSet+serializable.m */; };
		8479748E197FD3D6002D3BEC /* NSNumber+serializable.m in Sources */ = {isa = PBXBuildFile; fileRef = 8479748D197FD3D6002D3BEC /* NSNumber+serializable.m */; };
		84797491197FD523002D3BEC /* NSNull+serializable.m in Sources */ = {isa = PBXBuildFile; fileRef = 84797490197FD523002D3BEC /* NSNull+serializable.m */; };
		84BC3038198215C000223001 /* NSValue+serializable.m in Sources */ = {isa = PBXBuildFile; fileRef = 84BC3037198215C000223001 /* NSValue+serializable.m */; };
/* End PBXBuildFile section */

/* Begin PBXContainerItemProxy section */
		8479746E197FBD93002D3BEC /* PBXContainerItemProxy */ = {
			isa = PBXContainerItemProxy;
			containerPortal = 84797446197FBD93002D3BEC /* Project object */;
			proxyType = 1;
			remoteGlobalIDString = 8479744D197FBD93002D3BEC;
			remoteInfo = Serializer;
		};
/* End PBXContainerItemProxy section */

/* Begin PBXFileReference section */
		8479744E197FBD93002D3BEC /* Serializer.app */ = {isa = PBXFileReference; explicitFileType = wrapper.application; includeInIndex = 0; path = Serializer.app; sourceTree = BUILT_PRODUCTS_DIR; };
		84797451197FBD93002D3BEC /* Foundation.framework */ = {isa = PBXFileReference; lastKnownFileType = wrapper.framework; name = Foundation.framework; path = System/Library/Frameworks/Foundation.framework; sourceTree = SDKROOT; };
		84797453197FBD93002D3BEC /* CoreGraphics.framework */ = {isa = PBXFileReference; lastKnownFileType = wrapper.framework; name = CoreGraphics.framework; path = System/Library/Frameworks/CoreGraphics.framework; sourceTree = SDKROOT; };
		84797455197FBD93002D3BEC /* UIKit.framework */ = {isa = PBXFileReference; lastKnownFileType = wrapper.framework; name = UIKit.framework; path = System/Library/Frameworks/UIKit.framework; sourceTree = SDKROOT; };
		84797459197FBD93002D3BEC /* Serializer-Info.plist */ = {isa = PBXFileReference; lastKnownFileType = text.plist.xml; path = "Serializer-Info.plist"; sourceTree = "<group>"; };
		8479745B197FBD93002D3BEC /* en */ = {isa = PBXFileReference; lastKnownFileType = text.plist.strings; name = en; path = en.lproj/InfoPlist.strings; sourceTree = "<group>"; };
		8479745D197FBD93002D3BEC /* main.m */ = {isa = PBXFileReference; lastKnownFileType = sourcecode.c.objc; path = main.m; sourceTree = "<group>"; };
		8479745F197FBD93002D3BEC /* Serializer-Prefix.pch */ = {isa = PBXFileReference; lastKnownFileType = sourcecode.c.h; path = "Serializer-Prefix.pch"; sourceTree = "<group>"; };
		84797460197FBD93002D3BEC /* AppDelegate.h */ = {isa = PBXFileReference; lastKnownFileType = sourcecode.c.h; path = AppDelegate.h; sourceTree = "<group>"; };
		84797461197FBD93002D3BEC /* AppDelegate.m */ = {isa = PBXFileReference; lastKnownFileType = sourcecode.c.objc; path = AppDelegate.m; sourceTree = "<group>"; };
		84797463197FBD93002D3BEC /* Images.xcassets */ = {isa = PBXFileReference; lastKnownFileType = folder.assetcatalog; path = Images.xcassets; sourceTree = "<group>"; };
		84797469197FBD93002D3BEC /* SerializerTests.xctest */ = {isa = PBXFileReference; explicitFileType = wrapper.cfbundle; includeInIndex = 0; path = SerializerTests.xctest; sourceTree = BUILT_PRODUCTS_DIR; };
		8479746A197FBD93002D3BEC /* XCTest.framework */ = {isa = PBXFileReference; lastKnownFileType = wrapper.framework; name = XCTest.framework; path = Library/Frameworks/XCTest.framework; sourceTree = DEVELOPER_DIR; };
		84797472197FBD93002D3BEC /* SerializerTests-Info.plist */ = {isa = PBXFileReference; lastKnownFileType = text.plist.xml; path = "SerializerTests-Info.plist"; sourceTree = "<group>"; };
		84797474197FBD93002D3BEC /* en */ = {isa = PBXFileReference; lastKnownFileType = text.plist.strings; name = en; path = en.lproj/InfoPlist.strings; sourceTree = "<group>"; };
		84797476197FBD93002D3BEC /* SerializerTests.m */ = {isa = PBXFileReference; lastKnownFileType = sourcecode.c.objc; path = SerializerTests.m; sourceTree = "<group>"; };
		84797480197FBE40002D3BEC /* Serializer.h */ = {isa = PBXFileReference; fileEncoding = 4; lastKnownFileType = sourcecode.c.h; path = Serializer.h; sourceTree = "<group>"; };
		84797481197FBE40002D3BEC /* Serializer.m */ = {isa = PBXFileReference; fileEncoding = 4; lastKnownFileType = sourcecode.c.objc; path = Serializer.m; sourceTree = "<group>"; };
		84797483197FD266002D3BEC /* NSDictionary+serializable.h */ = {isa = PBXFileReference; fileEncoding = 4; lastKnownFileType = sourcecode.c.h; path = "NSDictionary+serializable.h"; sourceTree = "<group>"; };
		84797484197FD266002D3BEC /* NSDictionary+serializable.m */ = {isa = PBXFileReference; fileEncoding = 4; lastKnownFileType = sourcecode.c.objc; path = "NSDictionary+serializable.m"; sourceTree = "<group>"; };
		84797486197FD375002D3BEC /* NSArray+serializable.h */ = {isa = PBXFileReference; fileEncoding = 4; lastKnownFileType = sourcecode.c.h; path = "NSArray+serializable.h"; sourceTree = "<group>"; };
		84797487197FD375002D3BEC /* NSArray+serializable.m */ = {isa = PBXFileReference; fileEncoding = 4; lastKnownFileType = sourcecode.c.objc; path = "NSArray+serializable.m"; sourceTree = "<group>"; };
		84797489197FD3B4002D3BEC /* NSSet+serializable.h */ = {isa = PBXFileReference; fileEncoding = 4; lastKnownFileType = sourcecode.c.h; path = "NSSet+serializable.h"; sourceTree = "<group>"; };
		8479748A197FD3B4002D3BEC /* NSSet+serializable.m */ = {isa = PBXFileReference; fileEncoding = 4; lastKnownFileType = sourcecode.c.objc; path = "NSSet+serializable.m"; sourceTree = "<group>"; };
		8479748C197FD3D6002D3BEC /* NSNumber+serializable.h */ = {isa = PBXFileReference; fileEncoding = 4; lastKnownFileType = sourcecode.c.h; path = "NSNumber+serializable.h"; sourceTree = "<group>"; };
		8479748D197FD3D6002D3BEC /* NSNumber+serializable.m */ = {isa = PBXFileReference; fileEncoding = 4; lastKnownFileType = sourcecode.c.objc; path = "NSNumber+serializable.m"; sourceTree = "<group>"; };
		8479748F197FD523002D3BEC /* NSNull+serializable.h */ = {isa = PBXFileReference; fileEncoding = 4; lastKnownFileType = sourcecode.c.h; path = "NSNull+serializable.h"; sourceTree = "<group>"; };
		84797490197FD523002D3BEC /* NSNull+serializable.m */ = {isa = PBXFileReference; fileEncoding = 4; lastKnownFileType = sourcecode.c.objc; path = "NSNull+serializable.m"; sourceTree = "<group>"; };
		84BC3036198215C000223001 /* NSValue+serializable.h */ = {isa = PBXFileReference; fileEncoding = 4; lastKnownFileType = sourcecode.c.h; path = "NSValue+serializable.h"; sourceTree = "<group>"; };
		84BC3037198215C000223001 /* NSValue+serializable.m */ = {isa = PBXFileReference; fileEncoding = 4; lastKnownFileType = sourcecode.c.objc; path = "NSValue+serializable.m"; sourceTree = "<group>"; };
/* End PBXFileReference section */

/* Begin PBXFrameworksBuildPhase section */
		8479744B197FBD93002D3BEC /* Frameworks */ = {
			isa = PBXFrameworksBuildPhase;
			buildActionMask = 2147483647;
			files = (
				84797454197FBD93002D3BEC /* CoreGraphics.framework in Frameworks */,
				84797456197FBD93002D3BEC /* UIKit.framework in Frameworks */,
				84797452197FBD93002D3BEC /* Foundation.framework in Frameworks */,
			);
			runOnlyForDeploymentPostprocessing = 0;
		};
		84797466197FBD93002D3BEC /* Frameworks */ = {
			isa = PBXFrameworksBuildPhase;
			buildActionMask = 2147483647;
			files = (
				8479746B197FBD93002D3BEC /* XCTest.framework in Frameworks */,
				8479746D197FBD93002D3BEC /* UIKit.framework in Frameworks */,
				8479746C197FBD93002D3BEC /* Foundation.framework in Frameworks */,
			);
			runOnlyForDeploymentPostprocessing = 0;
		};
/* End PBXFrameworksBuildPhase section */

/* Begin PBXGroup section */
		84797445197FBD93002D3BEC = {
			isa = PBXGroup;
			children = (
				84797457197FBD93002D3BEC /* Serializer */,
				84797470197FBD93002D3BEC /* SerializerTests */,
				84797450197FBD93002D3BEC /* Frameworks */,
				8479744F197FBD93002D3BEC /* Products */,
			);
			sourceTree = "<group>";
		};
		8479744F197FBD93002D3BEC /* Products */ = {
			isa = PBXGroup;
			children = (
				8479744E197FBD93002D3BEC /* Serializer.app */,
				84797469197FBD93002D3BEC /* SerializerTests.xctest */,
			);
			name = Products;
			sourceTree = "<group>";
		};
		84797450197FBD93002D3BEC /* Frameworks */ = {
			isa = PBXGroup;
			children = (
				84797451197FBD93002D3BEC /* Foundation.framework */,
				84797453197FBD93002D3BEC /* CoreGraphics.framework */,
				84797455197FBD93002D3BEC /* UIKit.framework */,
				8479746A197FBD93002D3BEC /* XCTest.framework */,
			);
			name = Frameworks;
			sourceTree = "<group>";
		};
		84797457197FBD93002D3BEC /* Serializer */ = {
			isa = PBXGroup;
			children = (
				84797460197FBD93002D3BEC /* AppDelegate.h */,
				84797461197FBD93002D3BEC /* AppDelegate.m */,
				84797463197FBD93002D3BEC /* Images.xcassets */,
				84797458197FBD93002D3BEC /* Supporting Files */,
				84797480197FBE40002D3BEC /* Serializer.h */,
				84797481197FBE40002D3BEC /* Serializer.m */,
			);
			path = Serializer;
			sourceTree = "<group>";
		};
		84797458197FBD93002D3BEC /* Supporting Files */ = {
			isa = PBXGroup;
			children = (
				84797459197FBD93002D3BEC /* Serializer-Info.plist */,
				8479745A197FBD93002D3BEC /* InfoPlist.strings */,
				8479745D197FBD93002D3BEC /* main.m */,
				8479745F197FBD93002D3BEC /* Serializer-Prefix.pch */,
				84797483197FD266002D3BEC /* NSDictionary+serializable.h */,
				84797484197FD266002D3BEC /* NSDictionary+serializable.m */,
				84797486197FD375002D3BEC /* NSArray+serializable.h */,
				84797487197FD375002D3BEC /* NSArray+serializable.m */,
				84797489197FD3B4002D3BEC /* NSSet+serializable.h */,
				8479748A197FD3B4002D3BEC /* NSSet+serializable.m */,
				8479748C197FD3D6002D3BEC /* NSNumber+serializable.h */,
				8479748D197FD3D6002D3BEC /* NSNumber+serializable.m */,
				8479748F197FD523002D3BEC /* NSNull+serializable.h */,
				84797490197FD523002D3BEC /* NSNull+serializable.m */,
				84BC3036198215C000223001 /* NSValue+serializable.h */,
				84BC3037198215C000223001 /* NSValue+serializable.m */,
			);
			name = "Supporting Files";
			sourceTree = "<group>";
		};
		84797470197FBD93002D3BEC /* SerializerTests */ = {
			isa = PBXGroup;
			children = (
				84797476197FBD93002D3BEC /* SerializerTests.m */,
				84797471197FBD93002D3BEC /* Supporting Files */,
			);
			path = SerializerTests;
			sourceTree = "<group>";
		};
		84797471197FBD93002D3BEC /* Supporting Files */ = {
			isa = PBXGroup;
			children = (
				84797472197FBD93002D3BEC /* SerializerTests-Info.plist */,
				84797473197FBD93002D3BEC /* InfoPlist.strings */,
			);
			name = "Supporting Files";
			sourceTree = "<group>";
		};
/* End PBXGroup section */

/* Begin PBXNativeTarget section */
		8479744D197FBD93002D3BEC /* Serializer */ = {
			isa = PBXNativeTarget;
			buildConfigurationList = 8479747A197FBD93002D3BEC /* Build configuration list for PBXNativeTarget "Serializer" */;
			buildPhases = (
				8479744A197FBD93002D3BEC /* Sources */,
				8479744B197FBD93002D3BEC /* Frameworks */,
				8479744C197FBD93002D3BEC /* Resources */,
			);
			buildRules = (
			);
			dependencies = (
			);
			name = Serializer;
			productName = Serializer;
			productReference = 8479744E197FBD93002D3BEC /* Serializer.app */;
			productType = "com.apple.product-type.application";
		};
		84797468197FBD93002D3BEC /* SerializerTests */ = {
			isa = PBXNativeTarget;
			buildConfigurationList = 8479747D197FBD93002D3BEC /* Build configuration list for PBXNativeTarget "SerializerTests" */;
			buildPhases = (
				84797465197FBD93002D3BEC /* Sources */,
				84797466197FBD93002D3BEC /* Frameworks */,
				84797467197FBD93002D3BEC /* Resources */,
			);
			buildRules = (
			);
			dependencies = (
				8479746F197FBD93002D3BEC /* PBXTargetDependency */,
			);
			name = SerializerTests;
			productName = SerializerTests;
			productReference = 84797469197FBD93002D3BEC /* SerializerTests.xctest */;
			productType = "com.apple.product-type.bundle.unit-test";
		};
/* End PBXNativeTarget section */

/* Begin PBXProject section */
		84797446197FBD93002D3BEC /* Project object */ = {
			isa = PBXProject;
			attributes = {
				LastUpgradeCheck = 0510;
				ORGANIZATIONNAME = MyCompanyName;
				TargetAttributes = {
					84797468197FBD93002D3BEC = {
						TestTargetID = 8479744D197FBD93002D3BEC;
					};
				};
			};
			buildConfigurationList = 84797449197FBD93002D3BEC /* Build configuration list for PBXProject "Serializer" */;
			compatibilityVersion = "Xcode 3.2";
			developmentRegion = English;
			hasScannedForEncodings = 0;
			knownRegions = (
				en,
			);
			mainGroup = 84797445197FBD93002D3BEC;
			productRefGroup = 8479744F197FBD93002D3BEC /* Products */;
			projectDirPath = "";
			projectRoot = "";
			targets = (
				8479744D197FBD93002D3BEC /* Serializer */,
				84797468197FBD93002D3BEC /* SerializerTests */,
			);
		};
/* End PBXProject section */

/* Begin PBXResourcesBuildPhase section */
		8479744C197FBD93002D3BEC /* Resources */ = {
			isa = PBXResourcesBuildPhase;
			buildActionMask = 2147483647;
			files = (
				8479745C197FBD93002D3BEC /* InfoPlist.strings in Resources */,
				84797464197FBD93002D3BEC /* Images.xcassets in Resources */,
			);
			runOnlyForDeploymentPostprocessing = 0;
		};
		84797467197FBD93002D3BEC /* Resources */ = {
			isa = PBXResourcesBuildPhase;
			buildActionMask = 2147483647;
			files = (
				84797475197FBD93002D3BEC /* InfoPlist.strings in Resources */,
			);
			runOnlyForDeploymentPostprocessing = 0;
		};
/* End PBXResourcesBuildPhase section */

/* Begin PBXSourcesBuildPhase section */
		8479744A197FBD93002D3BEC /* Sources */ = {
			isa = PBXSourcesBuildPhase;
			buildActionMask = 2147483647;
			files = (
				8479748B197FD3B4002D3BEC /* NSSet+serializable.m in Sources */,
				84BC3038198215C000223001 /* NSValue+serializable.m in Sources */,
				84797482197FBE40002D3BEC /* Serializer.m in Sources */,
				84797462197FBD93002D3BEC /* AppDelegate.m in Sources */,
				8479745E197FBD93002D3BEC /* main.m in Sources */,
				8479748E197FD3D6002D3BEC /* NSNumber+serializable.m in Sources */,
				84797488197FD375002D3BEC /* NSArray+serializable.m in Sources */,
				84797491197FD523002D3BEC /* NSNull+serializable.m in Sources */,
				84797485197FD266002D3BEC /* NSDictionary+serializable.m in Sources */,
			);
			runOnlyForDeploymentPostprocessing = 0;
		};
		84797465197FBD93002D3BEC /* Sources */ = {
			isa = PBXSourcesBuildPhase;
			buildActionMask = 2147483647;
			files = (
				84797477197FBD93002D3BEC /* SerializerTests.m in Sources */,
			);
			runOnlyForDeploymentPostprocessing = 0;
		};
/* End PBXSourcesBuildPhase section */

/* Begin PBXTargetDependency section */
		8479746F197FBD93002D3BEC /* PBXTargetDependency */ = {
			isa = PBXTargetDependency;
			target = 8479744D197FBD93002D3BEC /* Serializer */;
			targetProxy = 8479746E197FBD93002D3BEC /* PBXContainerItemProxy */;
		};
/* End PBXTargetDependency section */

/* Begin PBXVariantGroup section */
		8479745A197FBD93002D3BEC /* InfoPlist.strings */ = {
			isa = PBXVariantGroup;
			children = (
				8479745B197FBD93002D3BEC /* en */,
			);
			name = InfoPlist.strings;
			sourceTree = "<group>";
		};
		84797473197FBD93002D3BEC /* InfoPlist.strings */ = {
			isa = PBXVariantGroup;
			children = (
				84797474197FBD93002D3BEC /* en */,
			);
			name = InfoPlist.strings;
			sourceTree = "<group>";
		};
/* End PBXVariantGroup section */

/* Begin XCBuildConfiguration section */
		84797478197FBD93002D3BEC /* Debug */ = {
			isa = XCBuildConfiguration;
			buildSettings = {
				ALWAYS_SEARCH_USER_PATHS = NO;
				CLANG_CXX_LANGUAGE_STANDARD = "gnu++0x";
				CLANG_CXX_LIBRARY = "libc++";
				CLANG_ENABLE_MODULES = YES;
				CLANG_ENABLE_OBJC_ARC = YES;
				CLANG_WARN_BOOL_CONVERSION = YES;
				CLANG_WARN_CONSTANT_CONVERSION = YES;
				CLANG_WARN_DIRECT_OBJC_ISA_USAGE = YES_ERROR;
				CLANG_WARN_EMPTY_BODY = YES;
				CLANG_WARN_ENUM_CONVERSION = YES;
				CLANG_WARN_INT_CONVERSION = YES;
				CLANG_WARN_OBJC_ROOT_CLASS = YES_ERROR;
				CLANG_WARN__DUPLICATE_METHOD_MATCH = YES;
				"CODE_SIGN_IDENTITY[sdk=iphoneos*]" = "iPhone Developer";
				COPY_PHASE_STRIP = NO;
				GCC_C_LANGUAGE_STANDARD = gnu99;
				GCC_DYNAMIC_NO_PIC = NO;
				GCC_OPTIMIZATION_LEVEL = 0;
				GCC_PREPROCESSOR_DEFINITIONS = (
					"DEBUG=1",
					"$(inherited)",
				);
				GCC_SYMBOLS_PRIVATE_EXTERN = NO;
				GCC_WARN_64_TO_32_BIT_CONVERSION = YES;
				GCC_WARN_ABOUT_RETURN_TYPE = YES_ERROR;
				GCC_WARN_UNDECLARED_SELECTOR = YES;
				GCC_WARN_UNINITIALIZED_AUTOS = YES_AGGRESSIVE;
				GCC_WARN_UNUSED_FUNCTION = YES;
				GCC_WARN_UNUSED_VARIABLE = YES;
				IPHONEOS_DEPLOYMENT_TARGET = 7.1;
				ONLY_ACTIVE_ARCH = YES;
				SDKROOT = iphoneos;
				TARGETED_DEVICE_FAMILY = "1,2";
			};
			name = Debug;
		};
		84797479197FBD93002D3BEC /* Release */ = {
			isa = XCBuildConfiguration;
			buildSettings = {
				ALWAYS_SEARCH_USER_PATHS = NO;
				CLANG_CXX_LANGUAGE_STANDARD = "gnu++0x";
				CLANG_CXX_LIBRARY = "libc++";
				CLANG_ENABLE_MODULES = YES;
				CLANG_ENABLE_OBJC_ARC = YES;
				CLANG_WARN_BOOL_CONVERSION = YES;
				CLANG_WARN_CONSTANT_CONVERSION = YES;
				CLANG_WARN_DIRECT_OBJC_ISA_USAGE = YES_ERROR;
				CLANG_WARN_EMPTY_BODY = YES;
				CLANG_WARN_ENUM_CONVERSION = YES;
				CLANG_WARN_INT_CONVERSION = YES;
				CLANG_WARN_OBJC_ROOT_CLASS = YES_ERROR;
				CLANG_WARN__DUPLICATE_METHOD_MATCH = YES;
				"CODE_SIGN_IDENTITY[sdk=iphoneos*]" = "iPhone Developer";
				COPY_PHASE_STRIP = YES;
				ENABLE_NS_ASSERTIONS = NO;
				GCC_C_LANGUAGE_STANDARD = gnu99;
				GCC_WARN_64_TO_32_BIT_CONVERSION = YES;
				GCC_WARN_ABOUT_RETURN_TYPE = YES_ERROR;
				GCC_WARN_UNDECLARED_SELECTOR = YES;
				GCC_WARN_UNINITIALIZED_AUTOS = YES_AGGRESSIVE;
				GCC_WARN_UNUSED_FUNCTION = YES;
				GCC_WARN_UNUSED_VARIABLE = YES;
				IPHONEOS_DEPLOYMENT_TARGET = 7.1;
				SDKROOT = iphoneos;
				TARGETED_DEVICE_FAMILY = "1,2";
				VALIDATE_PRODUCT = YES;
			};
			name = Release;
		};
		8479747B197FBD93002D3BEC /* Debug */ = {
			isa = XCBuildConfiguration;
			buildSettings = {
				ASSETCATALOG_COMPILER_APPICON_NAME = AppIcon;
				ASSETCATALOG_COMPILER_LAUNCHIMAGE_NAME = LaunchImage;
				GCC_PRECOMPILE_PREFIX_HEADER = YES;
				GCC_PREFIX_HEADER = "Serializer/Serializer-Prefix.pch";
				INFOPLIST_FILE = "Serializer/Serializer-Info.plist";
				PRODUCT_NAME = "$(TARGET_NAME)";
				WRAPPER_EXTENSION = app;
			};
			name = Debug;
		};
		8479747C197FBD93002D3BEC /* Release */ = {
			isa = XCBuildConfiguration;
			buildSettings = {
				ASSETCATALOG_COMPILER_APPICON_NAME = AppIcon;
				ASSETCATALOG_COMPILER_LAUNCHIMAGE_NAME = LaunchImage;
				GCC_PRECOMPILE_PREFIX_HEADER = YES;
				GCC_PREFIX_HEADER = "Serializer/Serializer-Prefix.pch";
				INFOPLIST_FILE = "Serializer/Serializer-Info.plist";
				PRODUCT_NAME = "$(TARGET_NAME)";
				WRAPPER_EXTENSION = app;
			};
			name = Release;
		};
		8479747E197FBD93002D3BEC /* Debug */ = {
			isa = XCBuildConfiguration;
			buildSettings = {
				BUNDLE_LOADER = "$(BUILT_PRODUCTS_DIR)/Serializer.app/Serializer";
				FRAMEWORK_SEARCH_PATHS = (
					"$(SDKROOT)/Developer/Library/Frameworks",
					"$(inherited)",
					"$(DEVELOPER_FRAMEWORKS_DIR)",
				);
				GCC_PRECOMPILE_PREFIX_HEADER = YES;
				GCC_PREFIX_HEADER = "Serializer/Serializer-Prefix.pch";
				GCC_PREPROCESSOR_DEFINITIONS = (
					"DEBUG=1",
					"$(inherited)",
				);
				INFOPLIST_FILE = "SerializerTests/SerializerTests-Info.plist";
				PRODUCT_NAME = "$(TARGET_NAME)";
				TEST_HOST = "$(BUNDLE_LOADER)";
				WRAPPER_EXTENSION = xctest;
			};
			name = Debug;
		};
		8479747F197FBD93002D3BEC /* Release */ = {
			isa = XCBuildConfiguration;
			buildSettings = {
				BUNDLE_LOADER = "$(BUILT_PRODUCTS_DIR)/Serializer.app/Serializer";
				FRAMEWORK_SEARCH_PATHS = (
					"$(SDKROOT)/Developer/Library/Frameworks",
					"$(inherited)",
					"$(DEVELOPER_FRAMEWORKS_DIR)",
				);
				GCC_PRECOMPILE_PREFIX_HEADER = YES;
				GCC_PREFIX_HEADER = "Serializer/Serializer-Prefix.pch";
				INFOPLIST_FILE = "SerializerTests/SerializerTests-Info.plist";
				PRODUCT_NAME = "$(TARGET_NAME)";
				TEST_HOST = "$(BUNDLE_LOADER)";
				WRAPPER_EXTENSION = xctest;
			};
			name = Release;
		};
/* End XCBuildConfiguration section */

/* Begin XCConfigurationList section */
		84797449197FBD93002D3BEC /* Build configuration list for PBXProject "Serializer" */ = {
			isa = XCConfigurationList;
			buildConfigurations = (
				84797478197FBD93002D3BEC /* Debug */,
				84797479197FBD93002D3BEC /* Release */,
			);
			defaultConfigurationIsVisible = 0;
			defaultConfigurationName = Release;
		};
		8479747A197FBD93002D3BEC /* Build configuration list for PBXNativeTarget "Serializer" */ = {
			isa = XCConfigurationList;
			buildConfigurations = (
				8479747B197FBD93002D3BEC /* Debug */,
				8479747C197FBD93002D3BEC /* Release */,
			);
			defaultConfigurationIsVisible = 0;
			defaultConfigurationName = Release;
		};
		8479747D197FBD93002D3BEC /* Build configuration list for PBXNativeTarget "SerializerTests" */ = {
			isa = XCConfigurationList;
			buildConfigurations = (
				8479747E197FBD93002D3BEC /* Debug */,
				8479747F197FBD93002D3BEC /* Release */,
			);
			defaultConfigurationIsVisible = 0;
			defaultConfigurationName = Release;
		};
/* End XCConfigurationList section */
	};
	rootObject = 84797446197FBD93002D3BEC /* Project object */;
}
