// !$*UTF8*$!
{
	archiveVersion = 1;
	classes = {
	};
	objectVersion = 46;
	objects = {

/* Begin PBXBuildFile section */
		CEE11DD7197FCA65003D0CD6 /* Foundation.framework in Frameworks */ = {isa = PBXBuildFile; fileRef = CEE11DD6197FCA65003D0CD6 /* Foundation.framework */; };
		CEE11DD9197FCA65003D0CD6 /* CoreGraphics.framework in Frameworks */ = {isa = PBXBuildFile; fileRef = CEE11DD8197FCA65003D0CD6 /* CoreGraphics.framework */; };
		CEE11DDB197FCA65003D0CD6 /* UIKit.framework in Frameworks */ = {isa = PBXBuildFile; fileRef = CEE11DDA197FCA65003D0CD6 /* UIKit.framework */; };
		CEE11DDD197FCA65003D0CD6 /* CoreData.framework in Frameworks */ = {isa = PBXBuildFile; fileRef = CEE11DDC197FCA65003D0CD6 /* CoreData.framework */; };
		CEE11DE3197FCA65003D0CD6 /* InfoPlist.strings in Resources */ = {isa = PBXBuildFile; fileRef = CEE11DE1197FCA65003D0CD6 /* InfoPlist.strings */; };
		CEE11DE5197FCA65003D0CD6 /* main.m in Sources */ = {isa = PBXBuildFile; fileRef = CEE11DE4197FCA65003D0CD6 /* main.m */; };
		CEE11DE9197FCA65003D0CD6 /* SEAppDelegate.m in Sources */ = {isa = PBXBuildFile; fileRef = CEE11DE8197FCA65003D0CD6 /* SEAppDelegate.m */; };
		CEE11DEC197FCA65003D0CD6 /* noveo_homework_4.xcdatamodeld in Sources */ = {isa = PBXBuildFile; fileRef = CEE11DEA197FCA65003D0CD6 /* noveo_homework_4.xcdatamodeld */; };
		CEE11DEE197FCA65003D0CD6 /* Images.xcassets in Resources */ = {isa = PBXBuildFile; fileRef = CEE11DED197FCA65003D0CD6 /* Images.xcassets */; };
		CEE11DF5197FCA65003D0CD6 /* XCTest.framework in Frameworks */ = {isa = PBXBuildFile; fileRef = CEE11DF4197FCA65003D0CD6 /* XCTest.framework */; };
		CEE11DF6197FCA65003D0CD6 /* Foundation.framework in Frameworks */ = {isa = PBXBuildFile; fileRef = CEE11DD6197FCA65003D0CD6 /* Foundation.framework */; };
		CEE11DF7197FCA65003D0CD6 /* UIKit.framework in Frameworks */ = {isa = PBXBuildFile; fileRef = CEE11DDA197FCA65003D0CD6 /* UIKit.framework */; };
		CEE11DF8197FCA65003D0CD6 /* CoreData.framework in Frameworks */ = {isa = PBXBuildFile; fileRef = CEE11DDC197FCA65003D0CD6 /* CoreData.framework */; };
		CEE11E00197FCA65003D0CD6 /* InfoPlist.strings in Resources */ = {isa = PBXBuildFile; fileRef = CEE11DFE197FCA65003D0CD6 /* InfoPlist.strings */; };
		CEE11E02197FCA65003D0CD6 /* noveo_homework_4Tests.m in Sources */ = {isa = PBXBuildFile; fileRef = CEE11E01197FCA65003D0CD6 /* noveo_homework_4Tests.m */; };
		CEE11E0E197FCC83003D0CD6 /* SEContainerSerializer.m in Sources */ = {isa = PBXBuildFile; fileRef = CEE11E0D197FCC83003D0CD6 /* SEContainerSerializer.m */; };
		CEE11E12197FD2D2003D0CD6 /* NSDictionary+Serializable.m in Sources */ = {isa = PBXBuildFile; fileRef = CEE11E11197FD2D2003D0CD6 /* NSDictionary+Serializable.m */; };
		CEE11E15197FE0C1003D0CD6 /* NSArray+Serializable.m in Sources */ = {isa = PBXBuildFile; fileRef = CEE11E14197FE0C1003D0CD6 /* NSArray+Serializable.m */; };
		CEE11E18197FE0E3003D0CD6 /* NSSet+Serializable.m in Sources */ = {isa = PBXBuildFile; fileRef = CEE11E17197FE0E3003D0CD6 /* NSSet+Serializable.m */; };
		CEE11E1B197FE100003D0CD6 /* NSNumber+Serializable.m in Sources */ = {isa = PBXBuildFile; fileRef = CEE11E1A197FE100003D0CD6 /* NSNumber+Serializable.m */; };
		CEE11E1E197FE123003D0CD6 /* NSValue+Serializable.m in Sources */ = {isa = PBXBuildFile; fileRef = CEE11E1D197FE123003D0CD6 /* NSValue+Serializable.m */; };
/* End PBXBuildFile section */

/* Begin PBXContainerItemProxy section */
		CEE11DF9197FCA65003D0CD6 /* PBXContainerItemProxy */ = {
			isa = PBXContainerItemProxy;
			containerPortal = CEE11DCB197FCA65003D0CD6 /* Project object */;
			proxyType = 1;
			remoteGlobalIDString = CEE11DD2197FCA65003D0CD6;
			remoteInfo = "noveo-homework-4";
		};
/* End PBXContainerItemProxy section */

/* Begin PBXFileReference section */
		CEE11DD3197FCA65003D0CD6 /* noveo-homework-4.app */ = {isa = PBXFileReference; explicitFileType = wrapper.application; includeInIndex = 0; path = "noveo-homework-4.app"; sourceTree = BUILT_PRODUCTS_DIR; };
		CEE11DD6197FCA65003D0CD6 /* Foundation.framework */ = {isa = PBXFileReference; lastKnownFileType = wrapper.framework; name = Foundation.framework; path = System/Library/Frameworks/Foundation.framework; sourceTree = SDKROOT; };
		CEE11DD8197FCA65003D0CD6 /* CoreGraphics.framework */ = {isa = PBXFileReference; lastKnownFileType = wrapper.framework; name = CoreGraphics.framework; path = System/Library/Frameworks/CoreGraphics.framework; sourceTree = SDKROOT; };
		CEE11DDA197FCA65003D0CD6 /* UIKit.framework */ = {isa = PBXFileReference; lastKnownFileType = wrapper.framework; name = UIKit.framework; path = System/Library/Frameworks/UIKit.framework; sourceTree = SDKROOT; };
		CEE11DDC197FCA65003D0CD6 /* CoreData.framework */ = {isa = PBXFileReference; lastKnownFileType = wrapper.framework; name = CoreData.framework; path = System/Library/Frameworks/CoreData.framework; sourceTree = SDKROOT; };
		CEE11DE0197FCA65003D0CD6 /* noveo-homework-4-Info.plist */ = {isa = PBXFileReference; lastKnownFileType = text.plist.xml; path = "noveo-homework-4-Info.plist"; sourceTree = "<group>"; };
		CEE11DE2197FCA65003D0CD6 /* en */ = {isa = PBXFileReference; lastKnownFileType = text.plist.strings; name = en; path = en.lproj/InfoPlist.strings; sourceTree = "<group>"; };
		CEE11DE4197FCA65003D0CD6 /* main.m */ = {isa = PBXFileReference; lastKnownFileType = sourcecode.c.objc; path = main.m; sourceTree = "<group>"; };
		CEE11DE6197FCA65003D0CD6 /* noveo-homework-4-Prefix.pch */ = {isa = PBXFileReference; lastKnownFileType = sourcecode.c.h; path = "noveo-homework-4-Prefix.pch"; sourceTree = "<group>"; };
		CEE11DE7197FCA65003D0CD6 /* SEAppDelegate.h */ = {isa = PBXFileReference; lastKnownFileType = sourcecode.c.h; path = SEAppDelegate.h; sourceTree = "<group>"; };
		CEE11DE8197FCA65003D0CD6 /* SEAppDelegate.m */ = {isa = PBXFileReference; lastKnownFileType = sourcecode.c.objc; path = SEAppDelegate.m; sourceTree = "<group>"; };
		CEE11DEB197FCA65003D0CD6 /* noveo_homework_4.xcdatamodel */ = {isa = PBXFileReference; lastKnownFileType = wrapper.xcdatamodel; path = noveo_homework_4.xcdatamodel; sourceTree = "<group>"; };
		CEE11DED197FCA65003D0CD6 /* Images.xcassets */ = {isa = PBXFileReference; lastKnownFileType = folder.assetcatalog; path = Images.xcassets; sourceTree = "<group>"; };
		CEE11DF3197FCA65003D0CD6 /* noveo-homework-4Tests.xctest */ = {isa = PBXFileReference; explicitFileType = wrapper.cfbundle; includeInIndex = 0; path = "noveo-homework-4Tests.xctest"; sourceTree = BUILT_PRODUCTS_DIR; };
		CEE11DF4197FCA65003D0CD6 /* XCTest.framework */ = {isa = PBXFileReference; lastKnownFileType = wrapper.framework; name = XCTest.framework; path = Library/Frameworks/XCTest.framework; sourceTree = DEVELOPER_DIR; };
		CEE11DFD197FCA65003D0CD6 /* noveo-homework-4Tests-Info.plist */ = {isa = PBXFileReference; lastKnownFileType = text.plist.xml; path = "noveo-homework-4Tests-Info.plist"; sourceTree = "<group>"; };
		CEE11DFF197FCA65003D0CD6 /* en */ = {isa = PBXFileReference; lastKnownFileType = text.plist.strings; name = en; path = en.lproj/InfoPlist.strings; sourceTree = "<group>"; };
		CEE11E01197FCA65003D0CD6 /* noveo_homework_4Tests.m */ = {isa = PBXFileReference; lastKnownFileType = sourcecode.c.objc; path = noveo_homework_4Tests.m; sourceTree = "<group>"; };
		CEE11E0C197FCC83003D0CD6 /* SEContainerSerializer.h */ = {isa = PBXFileReference; fileEncoding = 4; lastKnownFileType = sourcecode.c.h; name = SEContainerSerializer.h; path = "noveo-homework-4/Classes/SEContainerSerializer.h"; sourceTree = "<group>"; };
		CEE11E0D197FCC83003D0CD6 /* SEContainerSerializer.m */ = {isa = PBXFileReference; fileEncoding = 4; lastKnownFileType = sourcecode.c.objc; name = SEContainerSerializer.m; path = "noveo-homework-4/Classes/SEContainerSerializer.m"; sourceTree = "<group>"; };
		CEE11E10197FD2D2003D0CD6 /* NSDictionary+Serializable.h */ = {isa = PBXFileReference; fileEncoding = 4; lastKnownFileType = sourcecode.c.h; name = "NSDictionary+Serializable.h"; path = "Categories/NSDictionary+Serializable.h"; sourceTree = "<group>"; };
		CEE11E11197FD2D2003D0CD6 /* NSDictionary+Serializable.m */ = {isa = PBXFileReference; fileEncoding = 4; lastKnownFileType = sourcecode.c.objc; name = "NSDictionary+Serializable.m"; path = "Categories/NSDictionary+Serializable.m"; sourceTree = "<group>"; };
		CEE11E13197FE0C1003D0CD6 /* NSArray+Serializable.h */ = {isa = PBXFileReference; fileEncoding = 4; lastKnownFileType = sourcecode.c.h; name = "NSArray+Serializable.h"; path = "Categories/NSArray+Serializable.h"; sourceTree = "<group>"; };
		CEE11E14197FE0C1003D0CD6 /* NSArray+Serializable.m */ = {isa = PBXFileReference; fileEncoding = 4; lastKnownFileType = sourcecode.c.objc; name = "NSArray+Serializable.m"; path = "Categories/NSArray+Serializable.m"; sourceTree = "<group>"; };
		CEE11E16197FE0E3003D0CD6 /* NSSet+Serializable.h */ = {isa = PBXFileReference; fileEncoding = 4; lastKnownFileType = sourcecode.c.h; name = "NSSet+Serializable.h"; path = "Categories/NSSet+Serializable.h"; sourceTree = "<group>"; };
		CEE11E17197FE0E3003D0CD6 /* NSSet+Serializable.m */ = {isa = PBXFileReference; fileEncoding = 4; lastKnownFileType = sourcecode.c.objc; name = "NSSet+Serializable.m"; path = "Categories/NSSet+Serializable.m"; sourceTree = "<group>"; };
		CEE11E19197FE100003D0CD6 /* NSNumber+Serializable.h */ = {isa = PBXFileReference; fileEncoding = 4; lastKnownFileType = sourcecode.c.h; name = "NSNumber+Serializable.h"; path = "Categories/NSNumber+Serializable.h"; sourceTree = "<group>"; };
		CEE11E1A197FE100003D0CD6 /* NSNumber+Serializable.m */ = {isa = PBXFileReference; fileEncoding = 4; lastKnownFileType = sourcecode.c.objc; name = "NSNumber+Serializable.m"; path = "Categories/NSNumber+Serializable.m"; sourceTree = "<group>"; };
		CEE11E1C197FE123003D0CD6 /* NSValue+Serializable.h */ = {isa = PBXFileReference; fileEncoding = 4; lastKnownFileType = sourcecode.c.h; name = "NSValue+Serializable.h"; path = "Categories/NSValue+Serializable.h"; sourceTree = "<group>"; };
		CEE11E1D197FE123003D0CD6 /* NSValue+Serializable.m */ = {isa = PBXFileReference; fileEncoding = 4; lastKnownFileType = sourcecode.c.objc; name = "NSValue+Serializable.m"; path = "Categories/NSValue+Serializable.m"; sourceTree = "<group>"; };
/* End PBXFileReference section */

/* Begin PBXFrameworksBuildPhase section */
		CEE11DD0197FCA65003D0CD6 /* Frameworks */ = {
			isa = PBXFrameworksBuildPhase;
			buildActionMask = 2147483647;
			files = (
				CEE11DD9197FCA65003D0CD6 /* CoreGraphics.framework in Frameworks */,
				CEE11DDD197FCA65003D0CD6 /* CoreData.framework in Frameworks */,
				CEE11DDB197FCA65003D0CD6 /* UIKit.framework in Frameworks */,
				CEE11DD7197FCA65003D0CD6 /* Foundation.framework in Frameworks */,
			);
			runOnlyForDeploymentPostprocessing = 0;
		};
		CEE11DF0197FCA65003D0CD6 /* Frameworks */ = {
			isa = PBXFrameworksBuildPhase;
			buildActionMask = 2147483647;
			files = (
				CEE11DF5197FCA65003D0CD6 /* XCTest.framework in Frameworks */,
				CEE11DF8197FCA65003D0CD6 /* CoreData.framework in Frameworks */,
				CEE11DF7197FCA65003D0CD6 /* UIKit.framework in Frameworks */,
				CEE11DF6197FCA65003D0CD6 /* Foundation.framework in Frameworks */,
			);
			runOnlyForDeploymentPostprocessing = 0;
		};
/* End PBXFrameworksBuildPhase section */

/* Begin PBXGroup section */
		CEE11DCA197FCA65003D0CD6 = {
			isa = PBXGroup;
			children = (
				CEE11DDE197FCA65003D0CD6 /* noveo-homework-4 */,
				CEE11DFB197FCA65003D0CD6 /* noveo-homework-4Tests */,
				CEE11DD5197FCA65003D0CD6 /* Frameworks */,
				CEE11DD4197FCA65003D0CD6 /* Products */,
			);
			sourceTree = "<group>";
		};
		CEE11DD4197FCA65003D0CD6 /* Products */ = {
			isa = PBXGroup;
			children = (
				CEE11DD3197FCA65003D0CD6 /* noveo-homework-4.app */,
				CEE11DF3197FCA65003D0CD6 /* noveo-homework-4Tests.xctest */,
			);
			name = Products;
			sourceTree = "<group>";
		};
		CEE11DD5197FCA65003D0CD6 /* Frameworks */ = {
			isa = PBXGroup;
			children = (
				CEE11DD6197FCA65003D0CD6 /* Foundation.framework */,
				CEE11DD8197FCA65003D0CD6 /* CoreGraphics.framework */,
				CEE11DDA197FCA65003D0CD6 /* UIKit.framework */,
				CEE11DDC197FCA65003D0CD6 /* CoreData.framework */,
				CEE11DF4197FCA65003D0CD6 /* XCTest.framework */,
			);
			name = Frameworks;
			sourceTree = "<group>";
		};
		CEE11DDE197FCA65003D0CD6 /* noveo-homework-4 */ = {
			isa = PBXGroup;
			children = (
				CEE11E0F197FD223003D0CD6 /* Categories */,
				CEE11E0B197FCC35003D0CD6 /* Classes */,
				CEE11DE7197FCA65003D0CD6 /* SEAppDelegate.h */,
				CEE11DE8197FCA65003D0CD6 /* SEAppDelegate.m */,
				CEE11DED197FCA65003D0CD6 /* Images.xcassets */,
				CEE11DEA197FCA65003D0CD6 /* noveo_homework_4.xcdatamodeld */,
				CEE11DDF197FCA65003D0CD6 /* Supporting Files */,
			);
			path = "noveo-homework-4";
			sourceTree = "<group>";
		};
		CEE11DDF197FCA65003D0CD6 /* Supporting Files */ = {
			isa = PBXGroup;
			children = (
				CEE11DE0197FCA65003D0CD6 /* noveo-homework-4-Info.plist */,
				CEE11DE1197FCA65003D0CD6 /* InfoPlist.strings */,
				CEE11DE4197FCA65003D0CD6 /* main.m */,
				CEE11DE6197FCA65003D0CD6 /* noveo-homework-4-Prefix.pch */,
			);
			name = "Supporting Files";
			sourceTree = "<group>";
		};
		CEE11DFB197FCA65003D0CD6 /* noveo-homework-4Tests */ = {
			isa = PBXGroup;
			children = (
				CEE11E01197FCA65003D0CD6 /* noveo_homework_4Tests.m */,
				CEE11DFC197FCA65003D0CD6 /* Supporting Files */,
			);
			path = "noveo-homework-4Tests";
			sourceTree = "<group>";
		};
		CEE11DFC197FCA65003D0CD6 /* Supporting Files */ = {
			isa = PBXGroup;
			children = (
				CEE11DFD197FCA65003D0CD6 /* noveo-homework-4Tests-Info.plist */,
				CEE11DFE197FCA65003D0CD6 /* InfoPlist.strings */,
			);
			name = "Supporting Files";
			sourceTree = "<group>";
		};
		CEE11E0B197FCC35003D0CD6 /* Classes */ = {
			isa = PBXGroup;
			children = (
				CEE11E0C197FCC83003D0CD6 /* SEContainerSerializer.h */,
				CEE11E0D197FCC83003D0CD6 /* SEContainerSerializer.m */,
			);
			name = Classes;
			path = ..;
			sourceTree = "<group>";
		};
		CEE11E0F197FD223003D0CD6 /* Categories */ = {
			isa = PBXGroup;
			children = (
				CEE11E10197FD2D2003D0CD6 /* NSDictionary+Serializable.h */,
				CEE11E11197FD2D2003D0CD6 /* NSDictionary+Serializable.m */,
				CEE11E13197FE0C1003D0CD6 /* NSArray+Serializable.h */,
				CEE11E14197FE0C1003D0CD6 /* NSArray+Serializable.m */,
				CEE11E16197FE0E3003D0CD6 /* NSSet+Serializable.h */,
				CEE11E17197FE0E3003D0CD6 /* NSSet+Serializable.m */,
				CEE11E19197FE100003D0CD6 /* NSNumber+Serializable.h */,
				CEE11E1A197FE100003D0CD6 /* NSNumber+Serializable.m */,
				CEE11E1C197FE123003D0CD6 /* NSValue+Serializable.h */,
				CEE11E1D197FE123003D0CD6 /* NSValue+Serializable.m */,
			);
			name = Categories;
			sourceTree = "<group>";
		};
/* End PBXGroup section */

/* Begin PBXNativeTarget section */
		CEE11DD2197FCA65003D0CD6 /* noveo-homework-4 */ = {
			isa = PBXNativeTarget;
			buildConfigurationList = CEE11E05197FCA65003D0CD6 /* Build configuration list for PBXNativeTarget "noveo-homework-4" */;
			buildPhases = (
				CEE11DCF197FCA65003D0CD6 /* Sources */,
				CEE11DD0197FCA65003D0CD6 /* Frameworks */,
				CEE11DD1197FCA65003D0CD6 /* Resources */,
			);
			buildRules = (
			);
			dependencies = (
			);
			name = "noveo-homework-4";
			productName = "noveo-homework-4";
			productReference = CEE11DD3197FCA65003D0CD6 /* noveo-homework-4.app */;
			productType = "com.apple.product-type.application";
		};
		CEE11DF2197FCA65003D0CD6 /* noveo-homework-4Tests */ = {
			isa = PBXNativeTarget;
			buildConfigurationList = CEE11E08197FCA65003D0CD6 /* Build configuration list for PBXNativeTarget "noveo-homework-4Tests" */;
			buildPhases = (
				CEE11DEF197FCA65003D0CD6 /* Sources */,
				CEE11DF0197FCA65003D0CD6 /* Frameworks */,
				CEE11DF1197FCA65003D0CD6 /* Resources */,
			);
			buildRules = (
			);
			dependencies = (
				CEE11DFA197FCA65003D0CD6 /* PBXTargetDependency */,
			);
			name = "noveo-homework-4Tests";
			productName = "noveo-homework-4Tests";
			productReference = CEE11DF3197FCA65003D0CD6 /* noveo-homework-4Tests.xctest */;
			productType = "com.apple.product-type.bundle.unit-test";
		};
/* End PBXNativeTarget section */

/* Begin PBXProject section */
		CEE11DCB197FCA65003D0CD6 /* Project object */ = {
			isa = PBXProject;
			attributes = {
				CLASSPREFIX = SE;
				LastUpgradeCheck = 0510;
				ORGANIZATIONNAME = "Smirnov Electronics";
				TargetAttributes = {
					CEE11DF2197FCA65003D0CD6 = {
						TestTargetID = CEE11DD2197FCA65003D0CD6;
					};
				};
			};
			buildConfigurationList = CEE11DCE197FCA65003D0CD6 /* Build configuration list for PBXProject "noveo-homework-4" */;
			compatibilityVersion = "Xcode 3.2";
			developmentRegion = English;
			hasScannedForEncodings = 0;
			knownRegions = (
				en,
			);
			mainGroup = CEE11DCA197FCA65003D0CD6;
			productRefGroup = CEE11DD4197FCA65003D0CD6 /* Products */;
			projectDirPath = "";
			projectRoot = "";
			targets = (
				CEE11DD2197FCA65003D0CD6 /* noveo-homework-4 */,
				CEE11DF2197FCA65003D0CD6 /* noveo-homework-4Tests */,
			);
		};
/* End PBXProject section */

/* Begin PBXResourcesBuildPhase section */
		CEE11DD1197FCA65003D0CD6 /* Resources */ = {
			isa = PBXResourcesBuildPhase;
			buildActionMask = 2147483647;
			files = (
				CEE11DE3197FCA65003D0CD6 /* InfoPlist.strings in Resources */,
				CEE11DEE197FCA65003D0CD6 /* Images.xcassets in Resources */,
			);
			runOnlyForDeploymentPostprocessing = 0;
		};
		CEE11DF1197FCA65003D0CD6 /* Resources */ = {
			isa = PBXResourcesBuildPhase;
			buildActionMask = 2147483647;
			files = (
				CEE11E00197FCA65003D0CD6 /* InfoPlist.strings in Resources */,
			);
			runOnlyForDeploymentPostprocessing = 0;
		};
/* End PBXResourcesBuildPhase section */

/* Begin PBXSourcesBuildPhase section */
		CEE11DCF197FCA65003D0CD6 /* Sources */ = {
			isa = PBXSourcesBuildPhase;
			buildActionMask = 2147483647;
			files = (
				CEE11DE9197FCA65003D0CD6 /* SEAppDelegate.m in Sources */,
				CEE11E18197FE0E3003D0CD6 /* NSSet+Serializable.m in Sources */,
				CEE11E12197FD2D2003D0CD6 /* NSDictionary+Serializable.m in Sources */,
				CEE11DE5197FCA65003D0CD6 /* main.m in Sources */,
				CEE11DEC197FCA65003D0CD6 /* noveo_homework_4.xcdatamodeld in Sources */,
				CEE11E0E197FCC83003D0CD6 /* SEContainerSerializer.m in Sources */,
				CEE11E1E197FE123003D0CD6 /* NSValue+Serializable.m in Sources */,
				CEE11E1B197FE100003D0CD6 /* NSNumber+Serializable.m in Sources */,
				CEE11E15197FE0C1003D0CD6 /* NSArray+Serializable.m in Sources */,
			);
			runOnlyForDeploymentPostprocessing = 0;
		};
		CEE11DEF197FCA65003D0CD6 /* Sources */ = {
			isa = PBXSourcesBuildPhase;
			buildActionMask = 2147483647;
			files = (
				CEE11E02197FCA65003D0CD6 /* noveo_homework_4Tests.m in Sources */,
			);
			runOnlyForDeploymentPostprocessing = 0;
		};
/* End PBXSourcesBuildPhase section */

/* Begin PBXTargetDependency section */
		CEE11DFA197FCA65003D0CD6 /* PBXTargetDependency */ = {
			isa = PBXTargetDependency;
			target = CEE11DD2197FCA65003D0CD6 /* noveo-homework-4 */;
			targetProxy = CEE11DF9197FCA65003D0CD6 /* PBXContainerItemProxy */;
		};
/* End PBXTargetDependency section */

/* Begin PBXVariantGroup section */
		CEE11DE1197FCA65003D0CD6 /* InfoPlist.strings */ = {
			isa = PBXVariantGroup;
			children = (
				CEE11DE2197FCA65003D0CD6 /* en */,
			);
			name = InfoPlist.strings;
			sourceTree = "<group>";
		};
		CEE11DFE197FCA65003D0CD6 /* InfoPlist.strings */ = {
			isa = PBXVariantGroup;
			children = (
				CEE11DFF197FCA65003D0CD6 /* en */,
			);
			name = InfoPlist.strings;
			sourceTree = "<group>";
		};
/* End PBXVariantGroup section */

/* Begin XCBuildConfiguration section */
		CEE11E03197FCA65003D0CD6 /* Debug */ = {
			isa = XCBuildConfiguration;
			buildSettings = {
				ALWAYS_SEARCH_USER_PATHS = NO;
				CLANG_CXX_LANGUAGE_STANDARD = "gnu++0x";
				CLANG_CXX_LIBRARY = "libc++";
				CLANG_ENABLE_MODULES = YES;
				CLANG_ENABLE_OBJC_ARC = YES;
				CLANG_WARN_BOOL_CONVERSION = YES;
				CLANG_WARN_CONSTANT_CONVERSION = YES;
				CLANG_WARN_DIRECT_OBJC_ISA_USAGE = YES_ERROR;
				CLANG_WARN_EMPTY_BODY = YES;
				CLANG_WARN_ENUM_CONVERSION = YES;
				CLANG_WARN_INT_CONVERSION = YES;
				CLANG_WARN_OBJC_ROOT_CLASS = YES_ERROR;
				CLANG_WARN__DUPLICATE_METHOD_MATCH = YES;
				"CODE_SIGN_IDENTITY[sdk=iphoneos*]" = "iPhone Developer";
				COPY_PHASE_STRIP = NO;
				GCC_C_LANGUAGE_STANDARD = gnu99;
				GCC_DYNAMIC_NO_PIC = NO;
				GCC_OPTIMIZATION_LEVEL = 0;
				GCC_PREPROCESSOR_DEFINITIONS = (
					"DEBUG=1",
					"$(inherited)",
				);
				GCC_SYMBOLS_PRIVATE_EXTERN = NO;
				GCC_WARN_64_TO_32_BIT_CONVERSION = YES;
				GCC_WARN_ABOUT_RETURN_TYPE = YES_ERROR;
				GCC_WARN_UNDECLARED_SELECTOR = YES;
				GCC_WARN_UNINITIALIZED_AUTOS = YES_AGGRESSIVE;
				GCC_WARN_UNUSED_FUNCTION = YES;
				GCC_WARN_UNUSED_VARIABLE = YES;
				IPHONEOS_DEPLOYMENT_TARGET = 7.1;
				ONLY_ACTIVE_ARCH = YES;
				SDKROOT = iphoneos;
			};
			name = Debug;
		};
		CEE11E04197FCA65003D0CD6 /* Release */ = {
			isa = XCBuildConfiguration;
			buildSettings = {
				ALWAYS_SEARCH_USER_PATHS = NO;
				CLANG_CXX_LANGUAGE_STANDARD = "gnu++0x";
				CLANG_CXX_LIBRARY = "libc++";
				CLANG_ENABLE_MODULES = YES;
				CLANG_ENABLE_OBJC_ARC = YES;
				CLANG_WARN_BOOL_CONVERSION = YES;
				CLANG_WARN_CONSTANT_CONVERSION = YES;
				CLANG_WARN_DIRECT_OBJC_ISA_USAGE = YES_ERROR;
				CLANG_WARN_EMPTY_BODY = YES;
				CLANG_WARN_ENUM_CONVERSION = YES;
				CLANG_WARN_INT_CONVERSION = YES;
				CLANG_WARN_OBJC_ROOT_CLASS = YES_ERROR;
				CLANG_WARN__DUPLICATE_METHOD_MATCH = YES;
				"CODE_SIGN_IDENTITY[sdk=iphoneos*]" = "iPhone Developer";
				COPY_PHASE_STRIP = YES;
				ENABLE_NS_ASSERTIONS = NO;
				GCC_C_LANGUAGE_STANDARD = gnu99;
				GCC_WARN_64_TO_32_BIT_CONVERSION = YES;
				GCC_WARN_ABOUT_RETURN_TYPE = YES_ERROR;
				GCC_WARN_UNDECLARED_SELECTOR = YES;
				GCC_WARN_UNINITIALIZED_AUTOS = YES_AGGRESSIVE;
				GCC_WARN_UNUSED_FUNCTION = YES;
				GCC_WARN_UNUSED_VARIABLE = YES;
				IPHONEOS_DEPLOYMENT_TARGET = 7.1;
				SDKROOT = iphoneos;
				VALIDATE_PRODUCT = YES;
			};
			name = Release;
		};
		CEE11E06197FCA65003D0CD6 /* Debug */ = {
			isa = XCBuildConfiguration;
			buildSettings = {
				ASSETCATALOG_COMPILER_APPICON_NAME = AppIcon;
				ASSETCATALOG_COMPILER_LAUNCHIMAGE_NAME = LaunchImage;
				GCC_PRECOMPILE_PREFIX_HEADER = YES;
				GCC_PREFIX_HEADER = "noveo-homework-4/noveo-homework-4-Prefix.pch";
				INFOPLIST_FILE = "noveo-homework-4/noveo-homework-4-Info.plist";
				PRODUCT_NAME = "$(TARGET_NAME)";
				WRAPPER_EXTENSION = app;
			};
			name = Debug;
		};
		CEE11E07197FCA65003D0CD6 /* Release */ = {
			isa = XCBuildConfiguration;
			buildSettings = {
				ASSETCATALOG_COMPILER_APPICON_NAME = AppIcon;
				ASSETCATALOG_COMPILER_LAUNCHIMAGE_NAME = LaunchImage;
				GCC_PRECOMPILE_PREFIX_HEADER = YES;
				GCC_PREFIX_HEADER = "noveo-homework-4/noveo-homework-4-Prefix.pch";
				INFOPLIST_FILE = "noveo-homework-4/noveo-homework-4-Info.plist";
				PRODUCT_NAME = "$(TARGET_NAME)";
				WRAPPER_EXTENSION = app;
			};
			name = Release;
		};
		CEE11E09197FCA65003D0CD6 /* Debug */ = {
			isa = XCBuildConfiguration;
			buildSettings = {
				BUNDLE_LOADER = "$(BUILT_PRODUCTS_DIR)/noveo-homework-4.app/noveo-homework-4";
				FRAMEWORK_SEARCH_PATHS = (
					"$(SDKROOT)/Developer/Library/Frameworks",
					"$(inherited)",
					"$(DEVELOPER_FRAMEWORKS_DIR)",
				);
				GCC_PRECOMPILE_PREFIX_HEADER = YES;
				GCC_PREFIX_HEADER = "noveo-homework-4/noveo-homework-4-Prefix.pch";
				GCC_PREPROCESSOR_DEFINITIONS = (
					"DEBUG=1",
					"$(inherited)",
				);
				INFOPLIST_FILE = "noveo-homework-4Tests/noveo-homework-4Tests-Info.plist";
				PRODUCT_NAME = "$(TARGET_NAME)";
				TEST_HOST = "$(BUNDLE_LOADER)";
				WRAPPER_EXTENSION = xctest;
			};
			name = Debug;
		};
		CEE11E0A197FCA65003D0CD6 /* Release */ = {
			isa = XCBuildConfiguration;
			buildSettings = {
				BUNDLE_LOADER = "$(BUILT_PRODUCTS_DIR)/noveo-homework-4.app/noveo-homework-4";
				FRAMEWORK_SEARCH_PATHS = (
					"$(SDKROOT)/Developer/Library/Frameworks",
					"$(inherited)",
					"$(DEVELOPER_FRAMEWORKS_DIR)",
				);
				GCC_PRECOMPILE_PREFIX_HEADER = YES;
				GCC_PREFIX_HEADER = "noveo-homework-4/noveo-homework-4-Prefix.pch";
				INFOPLIST_FILE = "noveo-homework-4Tests/noveo-homework-4Tests-Info.plist";
				PRODUCT_NAME = "$(TARGET_NAME)";
				TEST_HOST = "$(BUNDLE_LOADER)";
				WRAPPER_EXTENSION = xctest;
			};
			name = Release;
		};
/* End XCBuildConfiguration section */

/* Begin XCConfigurationList section */
		CEE11DCE197FCA65003D0CD6 /* Build configuration list for PBXProject "noveo-homework-4" */ = {
			isa = XCConfigurationList;
			buildConfigurations = (
				CEE11E03197FCA65003D0CD6 /* Debug */,
				CEE11E04197FCA65003D0CD6 /* Release */,
			);
			defaultConfigurationIsVisible = 0;
			defaultConfigurationName = Release;
		};
		CEE11E05197FCA65003D0CD6 /* Build configuration list for PBXNativeTarget "noveo-homework-4" */ = {
			isa = XCConfigurationList;
			buildConfigurations = (
				CEE11E06197FCA65003D0CD6 /* Debug */,
				CEE11E07197FCA65003D0CD6 /* Release */,
			);
			defaultConfigurationIsVisible = 0;
		};
		CEE11E08197FCA65003D0CD6 /* Build configuration list for PBXNativeTarget "noveo-homework-4Tests" */ = {
			isa = XCConfigurationList;
			buildConfigurations = (
				CEE11E09197FCA65003D0CD6 /* Debug */,
				CEE11E0A197FCA65003D0CD6 /* Release */,
			);
			defaultConfigurationIsVisible = 0;
		};
/* End XCConfigurationList section */

/* Begin XCVersionGroup section */
		CEE11DEA197FCA65003D0CD6 /* noveo_homework_4.xcdatamodeld */ = {
			isa = XCVersionGroup;
			children = (
				CEE11DEB197FCA65003D0CD6 /* noveo_homework_4.xcdatamodel */,
			);
			currentVersion = CEE11DEB197FCA65003D0CD6 /* noveo_homework_4.xcdatamodel */;
			path = noveo_homework_4.xcdatamodeld;
			sourceTree = "<group>";
			versionGroupType = wrapper.xcdatamodel;
		};
/* End XCVersionGroup section */
	};
	rootObject = CEE11DCB197FCA65003D0CD6 /* Project object */;
}
